PODS:
  - LicensePlist (3.0.5)
  - R.swift (5.2.2):
    - R.swift.Library (~> 5.2.0)
  - R.swift.Library (5.2.0)

DEPENDENCIES:
  - LicensePlist
  - R.swift

SPEC REPOS:
  trunk:
    - LicensePlist
    - R.swift
    - R.swift.Library

SPEC CHECKSUMS:
  LicensePlist: 11c638fa9dc22ddb5771cdf910242ae1ba2684da
  R.swift: 7c52cdc57a66840ffe6cbd8a823d732059d42a32
  R.swift.Library: 5ba4f1631300caf9a4d890186930da85d540769d

PODFILE CHECKSUM: c12adf36d7e6a2eb46412e626abef8ef1d9ef6fd

COCOAPODS: 1.9.3
