// !$*UTF8*$!
{
	archiveVersion = 1;
	classes = {
	};
	objectVersion = 50;
	objects = {

/* Begin PBXBuildFile section */
		BF88D49224CAA83300607D6A /* AppDelegate.swift in Sources */ = {isa = PBXBuildFile; fileRef = BF88D49124CAA83300607D6A /* AppDelegate.swift */; };
		BF88D49424CAA83300607D6A /* SceneDelegate.swift in Sources */ = {isa = PBXBuildFile; fileRef = BF88D49324CAA83300607D6A /* SceneDelegate.swift */; };
		BF88D4A924CAA83600607D6A /* ShareTodoTests.swift in Sources */ = {isa = PBXBuildFile; fileRef = BF88D4A824CAA83600607D6A /* ShareTodoTests.swift */; };
		BF88D4B424CAA83600607D6A /* ShareTodoUITests.swift in Sources */ = {isa = PBXBuildFile; fileRef = BF88D4B324CAA83600607D6A /* ShareTodoUITests.swift */; };
		BF88D4CE24CAAA0B00607D6A /* Routes.swift in Sources */ = {isa = PBXBuildFile; fileRef = BF88D4CD24CAAA0B00607D6A /* Routes.swift */; };
		BF88D4D024CAAA8D00607D6A /* SampleViewController.swift in Sources */ = {isa = PBXBuildFile; fileRef = BF88D4CF24CAAA8D00607D6A /* SampleViewController.swift */; };
		BF88D4D224CAAA9300607D6A /* SampleViewBuilder.swift in Sources */ = {isa = PBXBuildFile; fileRef = BF88D4D124CAAA9300607D6A /* SampleViewBuilder.swift */; };
		BF88D4D424CAAAA000607D6A /* SampleViewPresenter.swift in Sources */ = {isa = PBXBuildFile; fileRef = BF88D4D324CAAAA000607D6A /* SampleViewPresenter.swift */; };
		BF88D4D624CAAAB200607D6A /* SampleViewModel.swift in Sources */ = {isa = PBXBuildFile; fileRef = BF88D4D524CAAAB200607D6A /* SampleViewModel.swift */; };
		BF88D4D824CAAB1100607D6A /* Sample.storyboard in Resources */ = {isa = PBXBuildFile; fileRef = BF88D4D724CAAB1100607D6A /* Sample.storyboard */; };
		BF88D4DA24CAAB3F00607D6A /* ExUIViewController.swift in Sources */ = {isa = PBXBuildFile; fileRef = BF88D4D924CAAB3F00607D6A /* ExUIViewController.swift */; };
		BF88D4DC24CAAB5100607D6A /* ExUIView.swift in Sources */ = {isa = PBXBuildFile; fileRef = BF88D4DB24CAAB5100607D6A /* ExUIView.swift */; };
		BF88D4DE24CAAB6600607D6A /* ExString.swift in Sources */ = {isa = PBXBuildFile; fileRef = BF88D4DD24CAAB6600607D6A /* ExString.swift */; };
		BF88D4E224CAB67C00607D6A /* MainTabBarViewController.swift in Sources */ = {isa = PBXBuildFile; fileRef = BF88D4E124CAB67C00607D6A /* MainTabBarViewController.swift */; };
		BF88D4E424CAB69C00607D6A /* MainTabBarModel.swift in Sources */ = {isa = PBXBuildFile; fileRef = BF88D4E324CAB69C00607D6A /* MainTabBarModel.swift */; };
		BF88D4E624CAB6A200607D6A /* MainTabBarPresenter.swift in Sources */ = {isa = PBXBuildFile; fileRef = BF88D4E524CAB6A200607D6A /* MainTabBarPresenter.swift */; };
		BF88D4E824CAB6AA00607D6A /* MainTabBarBuilder.swift in Sources */ = {isa = PBXBuildFile; fileRef = BF88D4E724CAB6AA00607D6A /* MainTabBarBuilder.swift */; };
		BF88D4EA24CAB76700607D6A /* MainTabBar.storyboard in Resources */ = {isa = PBXBuildFile; fileRef = BF88D4E924CAB76700607D6A /* MainTabBar.storyboard */; };
		BF88D4ED24CAB88500607D6A /* GroupTodoViewBuilder.swift in Sources */ = {isa = PBXBuildFile; fileRef = BF88D4EC24CAB88500607D6A /* GroupTodoViewBuilder.swift */; };
		BF88D4EF24CAB88A00607D6A /* GroupTodoViewController.swift in Sources */ = {isa = PBXBuildFile; fileRef = BF88D4EE24CAB88A00607D6A /* GroupTodoViewController.swift */; };
		BF88D4F124CAB89000607D6A /* GroupTodoViewPresenter.swift in Sources */ = {isa = PBXBuildFile; fileRef = BF88D4F024CAB89000607D6A /* GroupTodoViewPresenter.swift */; };
		BF88D4F324CAB89500607D6A /* GroupTodoViewModel.swift in Sources */ = {isa = PBXBuildFile; fileRef = BF88D4F224CAB89500607D6A /* GroupTodoViewModel.swift */; };
		BF88D4F524CAB8F300607D6A /* GroupTodo.storyboard in Resources */ = {isa = PBXBuildFile; fileRef = BF88D4F424CAB8F300607D6A /* GroupTodo.storyboard */; };
		BF88D4F824CAB99500607D6A /* TodayTodoViewbuilder.swift in Sources */ = {isa = PBXBuildFile; fileRef = BF88D4F724CAB99500607D6A /* TodayTodoViewbuilder.swift */; };
		BF88D4FA24CAB99C00607D6A /* TodayTodoViewController.swift in Sources */ = {isa = PBXBuildFile; fileRef = BF88D4F924CAB99C00607D6A /* TodayTodoViewController.swift */; };
		BF88D4FC24CAB9A100607D6A /* TodayTodoViewPresenter.swift in Sources */ = {isa = PBXBuildFile; fileRef = BF88D4FB24CAB9A100607D6A /* TodayTodoViewPresenter.swift */; };
		BF88D4FE24CAB9A600607D6A /* TodayTodoViewModel.swift in Sources */ = {isa = PBXBuildFile; fileRef = BF88D4FD24CAB9A600607D6A /* TodayTodoViewModel.swift */; };
		BF88D50024CAB9F000607D6A /* TodayTodo.storyboard in Resources */ = {isa = PBXBuildFile; fileRef = BF88D4FF24CAB9F000607D6A /* TodayTodo.storyboard */; };
		BF88D50F24CABCB700607D6A /* ProfileViewBuilder.swift in Sources */ = {isa = PBXBuildFile; fileRef = BF88D50E24CABCB700607D6A /* ProfileViewBuilder.swift */; };
		BF88D51124CABCBD00607D6A /* ProfileViewController.swift in Sources */ = {isa = PBXBuildFile; fileRef = BF88D51024CABCBD00607D6A /* ProfileViewController.swift */; };
		BF88D51324CABCC300607D6A /* ProfileViewPresenter.swift in Sources */ = {isa = PBXBuildFile; fileRef = BF88D51224CABCC300607D6A /* ProfileViewPresenter.swift */; };
		BF88D51524CABCC800607D6A /* ProfileViewModel.swift in Sources */ = {isa = PBXBuildFile; fileRef = BF88D51424CABCC800607D6A /* ProfileViewModel.swift */; };
		BF88D51724CABD1000607D6A /* Profile.storyboard in Resources */ = {isa = PBXBuildFile; fileRef = BF88D51624CABD1000607D6A /* Profile.storyboard */; };
		BF88D51924CAC4D600607D6A /* GroupTableViewCell.swift in Sources */ = {isa = PBXBuildFile; fileRef = BF88D51824CAC4D600607D6A /* GroupTableViewCell.swift */; };
		BF88D51B24CACEEC00607D6A /* TodayTodoCollectionViewCell.swift in Sources */ = {isa = PBXBuildFile; fileRef = BF88D51A24CACEEC00607D6A /* TodayTodoCollectionViewCell.swift */; };
/* End PBXBuildFile section */

/* Begin PBXContainerItemProxy section */
		BF88D4A524CAA83600607D6A /* PBXContainerItemProxy */ = {
			isa = PBXContainerItemProxy;
			containerPortal = BF88D48624CAA83300607D6A /* Project object */;
			proxyType = 1;
			remoteGlobalIDString = BF88D48D24CAA83300607D6A;
			remoteInfo = ShareTodo;
		};
		BF88D4B024CAA83600607D6A /* PBXContainerItemProxy */ = {
			isa = PBXContainerItemProxy;
			containerPortal = BF88D48624CAA83300607D6A /* Project object */;
			proxyType = 1;
			remoteGlobalIDString = BF88D48D24CAA83300607D6A;
			remoteInfo = ShareTodo;
		};
/* End PBXContainerItemProxy section */

/* Begin PBXFileReference section */
		BF88D48E24CAA83300607D6A /* ShareTodo.app */ = {isa = PBXFileReference; explicitFileType = wrapper.application; includeInIndex = 0; path = ShareTodo.app; sourceTree = BUILT_PRODUCTS_DIR; };
		BF88D49124CAA83300607D6A /* AppDelegate.swift */ = {isa = PBXFileReference; lastKnownFileType = sourcecode.swift; path = AppDelegate.swift; sourceTree = "<group>"; };
		BF88D49324CAA83300607D6A /* SceneDelegate.swift */ = {isa = PBXFileReference; lastKnownFileType = sourcecode.swift; path = SceneDelegate.swift; sourceTree = "<group>"; };
		BF88D49F24CAA83600607D6A /* Info.plist */ = {isa = PBXFileReference; lastKnownFileType = text.plist.xml; path = Info.plist; sourceTree = "<group>"; };
		BF88D4A424CAA83600607D6A /* ShareTodoTests.xctest */ = {isa = PBXFileReference; explicitFileType = wrapper.cfbundle; includeInIndex = 0; path = ShareTodoTests.xctest; sourceTree = BUILT_PRODUCTS_DIR; };
		BF88D4A824CAA83600607D6A /* ShareTodoTests.swift */ = {isa = PBXFileReference; lastKnownFileType = sourcecode.swift; path = ShareTodoTests.swift; sourceTree = "<group>"; };
		BF88D4AA24CAA83600607D6A /* Info.plist */ = {isa = PBXFileReference; lastKnownFileType = text.plist.xml; path = Info.plist; sourceTree = "<group>"; };
		BF88D4AF24CAA83600607D6A /* ShareTodoUITests.xctest */ = {isa = PBXFileReference; explicitFileType = wrapper.cfbundle; includeInIndex = 0; path = ShareTodoUITests.xctest; sourceTree = BUILT_PRODUCTS_DIR; };
		BF88D4B324CAA83600607D6A /* ShareTodoUITests.swift */ = {isa = PBXFileReference; lastKnownFileType = sourcecode.swift; path = ShareTodoUITests.swift; sourceTree = "<group>"; };
		BF88D4B524CAA83600607D6A /* Info.plist */ = {isa = PBXFileReference; lastKnownFileType = text.plist.xml; path = Info.plist; sourceTree = "<group>"; };
		BF88D4CD24CAAA0B00607D6A /* Routes.swift */ = {isa = PBXFileReference; lastKnownFileType = sourcecode.swift; path = Routes.swift; sourceTree = "<group>"; };
		BF88D4CF24CAAA8D00607D6A /* SampleViewController.swift */ = {isa = PBXFileReference; lastKnownFileType = sourcecode.swift; path = SampleViewController.swift; sourceTree = "<group>"; };
		BF88D4D124CAAA9300607D6A /* SampleViewBuilder.swift */ = {isa = PBXFileReference; lastKnownFileType = sourcecode.swift; path = SampleViewBuilder.swift; sourceTree = "<group>"; };
		BF88D4D324CAAAA000607D6A /* SampleViewPresenter.swift */ = {isa = PBXFileReference; lastKnownFileType = sourcecode.swift; path = SampleViewPresenter.swift; sourceTree = "<group>"; };
		BF88D4D524CAAAB200607D6A /* SampleViewModel.swift */ = {isa = PBXFileReference; lastKnownFileType = sourcecode.swift; path = SampleViewModel.swift; sourceTree = "<group>"; };
		BF88D4D724CAAB1100607D6A /* Sample.storyboard */ = {isa = PBXFileReference; lastKnownFileType = file.storyboard; path = Sample.storyboard; sourceTree = "<group>"; };
		BF88D4D924CAAB3F00607D6A /* ExUIViewController.swift */ = {isa = PBXFileReference; lastKnownFileType = sourcecode.swift; path = ExUIViewController.swift; sourceTree = "<group>"; };
		BF88D4DB24CAAB5100607D6A /* ExUIView.swift */ = {isa = PBXFileReference; lastKnownFileType = sourcecode.swift; path = ExUIView.swift; sourceTree = "<group>"; };
		BF88D4DD24CAAB6600607D6A /* ExString.swift */ = {isa = PBXFileReference; lastKnownFileType = sourcecode.swift; path = ExString.swift; sourceTree = "<group>"; };
		BF88D4E124CAB67C00607D6A /* MainTabBarViewController.swift */ = {isa = PBXFileReference; lastKnownFileType = sourcecode.swift; path = MainTabBarViewController.swift; sourceTree = "<group>"; };
		BF88D4E324CAB69C00607D6A /* MainTabBarModel.swift */ = {isa = PBXFileReference; lastKnownFileType = sourcecode.swift; path = MainTabBarModel.swift; sourceTree = "<group>"; };
		BF88D4E524CAB6A200607D6A /* MainTabBarPresenter.swift */ = {isa = PBXFileReference; lastKnownFileType = sourcecode.swift; path = MainTabBarPresenter.swift; sourceTree = "<group>"; };
		BF88D4E724CAB6AA00607D6A /* MainTabBarBuilder.swift */ = {isa = PBXFileReference; lastKnownFileType = sourcecode.swift; path = MainTabBarBuilder.swift; sourceTree = "<group>"; };
		BF88D4E924CAB76700607D6A /* MainTabBar.storyboard */ = {isa = PBXFileReference; lastKnownFileType = file.storyboard; path = MainTabBar.storyboard; sourceTree = "<group>"; };
		BF88D4EC24CAB88500607D6A /* GroupTodoViewBuilder.swift */ = {isa = PBXFileReference; lastKnownFileType = sourcecode.swift; path = GroupTodoViewBuilder.swift; sourceTree = "<group>"; };
		BF88D4EE24CAB88A00607D6A /* GroupTodoViewController.swift */ = {isa = PBXFileReference; lastKnownFileType = sourcecode.swift; path = GroupTodoViewController.swift; sourceTree = "<group>"; };
		BF88D4F024CAB89000607D6A /* GroupTodoViewPresenter.swift */ = {isa = PBXFileReference; lastKnownFileType = sourcecode.swift; path = GroupTodoViewPresenter.swift; sourceTree = "<group>"; };
		BF88D4F224CAB89500607D6A /* GroupTodoViewModel.swift */ = {isa = PBXFileReference; lastKnownFileType = sourcecode.swift; path = GroupTodoViewModel.swift; sourceTree = "<group>"; };
		BF88D4F424CAB8F300607D6A /* GroupTodo.storyboard */ = {isa = PBXFileReference; lastKnownFileType = file.storyboard; path = GroupTodo.storyboard; sourceTree = "<group>"; };
		BF88D4F724CAB99500607D6A /* TodayTodoViewbuilder.swift */ = {isa = PBXFileReference; lastKnownFileType = sourcecode.swift; path = TodayTodoViewbuilder.swift; sourceTree = "<group>"; };
		BF88D4F924CAB99C00607D6A /* TodayTodoViewController.swift */ = {isa = PBXFileReference; lastKnownFileType = sourcecode.swift; path = TodayTodoViewController.swift; sourceTree = "<group>"; };
		BF88D4FB24CAB9A100607D6A /* TodayTodoViewPresenter.swift */ = {isa = PBXFileReference; lastKnownFileType = sourcecode.swift; path = TodayTodoViewPresenter.swift; sourceTree = "<group>"; };
		BF88D4FD24CAB9A600607D6A /* TodayTodoViewModel.swift */ = {isa = PBXFileReference; lastKnownFileType = sourcecode.swift; path = TodayTodoViewModel.swift; sourceTree = "<group>"; };
		BF88D4FF24CAB9F000607D6A /* TodayTodo.storyboard */ = {isa = PBXFileReference; lastKnownFileType = file.storyboard; path = TodayTodo.storyboard; sourceTree = "<group>"; };
		BF88D50E24CABCB700607D6A /* ProfileViewBuilder.swift */ = {isa = PBXFileReference; lastKnownFileType = sourcecode.swift; path = ProfileViewBuilder.swift; sourceTree = "<group>"; };
		BF88D51024CABCBD00607D6A /* ProfileViewController.swift */ = {isa = PBXFileReference; lastKnownFileType = sourcecode.swift; path = ProfileViewController.swift; sourceTree = "<group>"; };
		BF88D51224CABCC300607D6A /* ProfileViewPresenter.swift */ = {isa = PBXFileReference; lastKnownFileType = sourcecode.swift; path = ProfileViewPresenter.swift; sourceTree = "<group>"; };
		BF88D51424CABCC800607D6A /* ProfileViewModel.swift */ = {isa = PBXFileReference; lastKnownFileType = sourcecode.swift; path = ProfileViewModel.swift; sourceTree = "<group>"; };
		BF88D51624CABD1000607D6A /* Profile.storyboard */ = {isa = PBXFileReference; lastKnownFileType = file.storyboard; path = Profile.storyboard; sourceTree = "<group>"; };
		BF88D51824CAC4D600607D6A /* GroupTableViewCell.swift */ = {isa = PBXFileReference; lastKnownFileType = sourcecode.swift; path = GroupTableViewCell.swift; sourceTree = "<group>"; };
		BF88D51A24CACEEC00607D6A /* TodayTodoCollectionViewCell.swift */ = {isa = PBXFileReference; lastKnownFileType = sourcecode.swift; path = TodayTodoCollectionViewCell.swift; sourceTree = "<group>"; };
/* End PBXFileReference section */

/* Begin PBXFrameworksBuildPhase section */
		BF88D48B24CAA83300607D6A /* Frameworks */ = {
			isa = PBXFrameworksBuildPhase;
			buildActionMask = 2147483647;
			files = (
			);
			runOnlyForDeploymentPostprocessing = 0;
		};
		BF88D4A124CAA83600607D6A /* Frameworks */ = {
			isa = PBXFrameworksBuildPhase;
			buildActionMask = 2147483647;
			files = (
			);
			runOnlyForDeploymentPostprocessing = 0;
		};
		BF88D4AC24CAA83600607D6A /* Frameworks */ = {
			isa = PBXFrameworksBuildPhase;
			buildActionMask = 2147483647;
			files = (
			);
			runOnlyForDeploymentPostprocessing = 0;
		};
/* End PBXFrameworksBuildPhase section */

/* Begin PBXGroup section */
		BF88D48524CAA83300607D6A = {
			isa = PBXGroup;
			children = (
				BF88D49024CAA83300607D6A /* ShareTodo */,
				BF88D4A724CAA83600607D6A /* ShareTodoTests */,
				BF88D4B224CAA83600607D6A /* ShareTodoUITests */,
				BF88D48F24CAA83300607D6A /* Products */,
			);
			sourceTree = "<group>";
		};
		BF88D48F24CAA83300607D6A /* Products */ = {
			isa = PBXGroup;
			children = (
				BF88D48E24CAA83300607D6A /* ShareTodo.app */,
				BF88D4A424CAA83600607D6A /* ShareTodoTests.xctest */,
				BF88D4AF24CAA83600607D6A /* ShareTodoUITests.xctest */,
			);
			name = Products;
			sourceTree = "<group>";
		};
		BF88D49024CAA83300607D6A /* ShareTodo */ = {
			isa = PBXGroup;
			children = (
				BF88D4C324CAA8ED00607D6A /* App */,
				BF88D4C224CAA8EA00607D6A /* Extentions */,
				BF88D4C124CAA8E800607D6A /* Resources */,
				BF88D4C624CAA93500607D6A /* Views */,
			);
			path = ShareTodo;
			sourceTree = "<group>";
		};
		BF88D4A724CAA83600607D6A /* ShareTodoTests */ = {
			isa = PBXGroup;
			children = (
				BF88D4A824CAA83600607D6A /* ShareTodoTests.swift */,
				BF88D4AA24CAA83600607D6A /* Info.plist */,
			);
			path = ShareTodoTests;
			sourceTree = "<group>";
		};
		BF88D4B224CAA83600607D6A /* ShareTodoUITests */ = {
			isa = PBXGroup;
			children = (
				BF88D4B324CAA83600607D6A /* ShareTodoUITests.swift */,
				BF88D4B524CAA83600607D6A /* Info.plist */,
			);
			path = ShareTodoUITests;
			sourceTree = "<group>";
		};
		BF88D4C124CAA8E800607D6A /* Resources */ = {
			isa = PBXGroup;
			children = (
				BF88D4C924CAA99B00607D6A /* GoogleInfo */,
				BF88D4C824CAA99900607D6A /* Info */,
			);
			path = Resources;
			sourceTree = "<group>";
		};
		BF88D4C224CAA8EA00607D6A /* Extentions */ = {
			isa = PBXGroup;
			children = (
				BF88D4C524CAA90E00607D6A /* UI */,
				BF88D4C424CAA90900607D6A /* Utility */,
			);
			path = Extentions;
			sourceTree = "<group>";
		};
		BF88D4C324CAA8ED00607D6A /* App */ = {
			isa = PBXGroup;
			children = (
				BF88D4CD24CAAA0B00607D6A /* Routes.swift */,
				BF88D49124CAA83300607D6A /* AppDelegate.swift */,
				BF88D49324CAA83300607D6A /* SceneDelegate.swift */,
			);
			path = App;
			sourceTree = "<group>";
		};
		BF88D4C424CAA90900607D6A /* Utility */ = {
			isa = PBXGroup;
			children = (
				BF88D4DD24CAAB6600607D6A /* ExString.swift */,
			);
			path = Utility;
			sourceTree = "<group>";
		};
		BF88D4C524CAA90E00607D6A /* UI */ = {
			isa = PBXGroup;
			children = (
				BF88D4D924CAAB3F00607D6A /* ExUIViewController.swift */,
				BF88D4DB24CAAB5100607D6A /* ExUIView.swift */,
			);
			path = UI;
			sourceTree = "<group>";
		};
		BF88D4C624CAA93500607D6A /* Views */ = {
			isa = PBXGroup;
			children = (
				BF88D50D24CABC2800607D6A /* Profile */,
				BF88D4F624CAB97C00607D6A /* TodayTodo */,
				BF88D4EB24CAB86300607D6A /* GroupTodo */,
				BF88D4E024CAB65D00607D6A /* MainTabBarController */,
				BF88D4C724CAA97A00607D6A /* Sample */,
				BF88D4CA24CAA9C000607D6A /* Storyboards */,
			);
			path = Views;
			sourceTree = "<group>";
		};
		BF88D4C724CAA97A00607D6A /* Sample */ = {
			isa = PBXGroup;
			children = (
				BF88D4D124CAAA9300607D6A /* SampleViewBuilder.swift */,
				BF88D4CF24CAAA8D00607D6A /* SampleViewController.swift */,
				BF88D4D324CAAAA000607D6A /* SampleViewPresenter.swift */,
				BF88D4D524CAAAB200607D6A /* SampleViewModel.swift */,
			);
			path = Sample;
			sourceTree = "<group>";
		};
		BF88D4C824CAA99900607D6A /* Info */ = {
			isa = PBXGroup;
			children = (
				BF88D49F24CAA83600607D6A /* Info.plist */,
			);
			path = Info;
			sourceTree = "<group>";
		};
		BF88D4C924CAA99B00607D6A /* GoogleInfo */ = {
			isa = PBXGroup;
			children = (
			);
			path = GoogleInfo;
			sourceTree = "<group>";
		};
		BF88D4CA24CAA9C000607D6A /* Storyboards */ = {
			isa = PBXGroup;
			children = (
				BF88D4D724CAAB1100607D6A /* Sample.storyboard */,
				BF88D4E924CAB76700607D6A /* MainTabBar.storyboard */,
				BF88D4F424CAB8F300607D6A /* GroupTodo.storyboard */,
				BF88D4FF24CAB9F000607D6A /* TodayTodo.storyboard */,
				BF88D51624CABD1000607D6A /* Profile.storyboard */,
			);
			path = Storyboards;
			sourceTree = "<group>";
		};
		BF88D4E024CAB65D00607D6A /* MainTabBarController */ = {
			isa = PBXGroup;
			children = (
				BF88D4E724CAB6AA00607D6A /* MainTabBarBuilder.swift */,
				BF88D4E124CAB67C00607D6A /* MainTabBarViewController.swift */,
				BF88D4E524CAB6A200607D6A /* MainTabBarPresenter.swift */,
				BF88D4E324CAB69C00607D6A /* MainTabBarModel.swift */,
			);
			path = MainTabBarController;
			sourceTree = "<group>";
		};
		BF88D4EB24CAB86300607D6A /* GroupTodo */ = {
			isa = PBXGroup;
			children = (
				BF88D4EC24CAB88500607D6A /* GroupTodoViewBuilder.swift */,
				BF88D4EE24CAB88A00607D6A /* GroupTodoViewController.swift */,
				BF88D4F024CAB89000607D6A /* GroupTodoViewPresenter.swift */,
				BF88D4F224CAB89500607D6A /* GroupTodoViewModel.swift */,
				BF88D51824CAC4D600607D6A /* GroupTableViewCell.swift */,
			);
			path = GroupTodo;
			sourceTree = "<group>";
		};
		BF88D4F624CAB97C00607D6A /* TodayTodo */ = {
			isa = PBXGroup;
			children = (
				BF88D4F724CAB99500607D6A /* TodayTodoViewbuilder.swift */,
				BF88D4F924CAB99C00607D6A /* TodayTodoViewController.swift */,
				BF88D4FB24CAB9A100607D6A /* TodayTodoViewPresenter.swift */,
				BF88D4FD24CAB9A600607D6A /* TodayTodoViewModel.swift */,
				BF88D51A24CACEEC00607D6A /* TodayTodoCollectionViewCell.swift */,
			);
			path = TodayTodo;
			sourceTree = "<group>";
		};
		BF88D50D24CABC2800607D6A /* Profile */ = {
			isa = PBXGroup;
			children = (
				BF88D50E24CABCB700607D6A /* ProfileViewBuilder.swift */,
				BF88D51024CABCBD00607D6A /* ProfileViewController.swift */,
				BF88D51224CABCC300607D6A /* ProfileViewPresenter.swift */,
				BF88D51424CABCC800607D6A /* ProfileViewModel.swift */,
			);
			path = Profile;
			sourceTree = "<group>";
		};
/* End PBXGroup section */

/* Begin PBXNativeTarget section */
		BF88D48D24CAA83300607D6A /* ShareTodo */ = {
			isa = PBXNativeTarget;
			buildConfigurationList = BF88D4B824CAA83600607D6A /* Build configuration list for PBXNativeTarget "ShareTodo" */;
			buildPhases = (
				BF88D48A24CAA83300607D6A /* Sources */,
				BF88D48B24CAA83300607D6A /* Frameworks */,
				BF88D48C24CAA83300607D6A /* Resources */,
				BF88D4DF24CAAF6900607D6A /* ShellScript */,
			);
			buildRules = (
			);
			dependencies = (
			);
			name = ShareTodo;
			productName = ShareTodo;
			productReference = BF88D48E24CAA83300607D6A /* ShareTodo.app */;
			productType = "com.apple.product-type.application";
		};
		BF88D4A324CAA83600607D6A /* ShareTodoTests */ = {
			isa = PBXNativeTarget;
			buildConfigurationList = BF88D4BB24CAA83600607D6A /* Build configuration list for PBXNativeTarget "ShareTodoTests" */;
			buildPhases = (
				BF88D4A024CAA83600607D6A /* Sources */,
				BF88D4A124CAA83600607D6A /* Frameworks */,
				BF88D4A224CAA83600607D6A /* Resources */,
			);
			buildRules = (
			);
			dependencies = (
				BF88D4A624CAA83600607D6A /* PBXTargetDependency */,
			);
			name = ShareTodoTests;
			productName = ShareTodoTests;
			productReference = BF88D4A424CAA83600607D6A /* ShareTodoTests.xctest */;
			productType = "com.apple.product-type.bundle.unit-test";
		};
		BF88D4AE24CAA83600607D6A /* ShareTodoUITests */ = {
			isa = PBXNativeTarget;
			buildConfigurationList = BF88D4BE24CAA83600607D6A /* Build configuration list for PBXNativeTarget "ShareTodoUITests" */;
			buildPhases = (
				BF88D4AB24CAA83600607D6A /* Sources */,
				BF88D4AC24CAA83600607D6A /* Frameworks */,
				BF88D4AD24CAA83600607D6A /* Resources */,
			);
			buildRules = (
			);
			dependencies = (
				BF88D4B124CAA83600607D6A /* PBXTargetDependency */,
			);
			name = ShareTodoUITests;
			productName = ShareTodoUITests;
			productReference = BF88D4AF24CAA83600607D6A /* ShareTodoUITests.xctest */;
			productType = "com.apple.product-type.bundle.ui-testing";
		};
/* End PBXNativeTarget section */

/* Begin PBXProject section */
		BF88D48624CAA83300607D6A /* Project object */ = {
			isa = PBXProject;
			attributes = {
				LastSwiftUpdateCheck = 1150;
				LastUpgradeCheck = 1150;
				ORGANIZATIONNAME = jun;
				TargetAttributes = {
					BF88D48D24CAA83300607D6A = {
						CreatedOnToolsVersion = 11.5;
					};
					BF88D4A324CAA83600607D6A = {
						CreatedOnToolsVersion = 11.5;
						TestTargetID = BF88D48D24CAA83300607D6A;
					};
					BF88D4AE24CAA83600607D6A = {
						CreatedOnToolsVersion = 11.5;
						TestTargetID = BF88D48D24CAA83300607D6A;
					};
				};
			};
			buildConfigurationList = BF88D48924CAA83300607D6A /* Build configuration list for PBXProject "ShareTodo" */;
			compatibilityVersion = "Xcode 9.3";
			developmentRegion = en;
			hasScannedForEncodings = 0;
			knownRegions = (
				en,
				Base,
			);
			mainGroup = BF88D48524CAA83300607D6A;
			productRefGroup = BF88D48F24CAA83300607D6A /* Products */;
			projectDirPath = "";
			projectRoot = "";
			targets = (
				BF88D48D24CAA83300607D6A /* ShareTodo */,
				BF88D4A324CAA83600607D6A /* ShareTodoTests */,
				BF88D4AE24CAA83600607D6A /* ShareTodoUITests */,
			);
		};
/* End PBXProject section */

/* Begin PBXResourcesBuildPhase section */
		BF88D48C24CAA83300607D6A /* Resources */ = {
			isa = PBXResourcesBuildPhase;
			buildActionMask = 2147483647;
			files = (
				BF88D4D824CAAB1100607D6A /* Sample.storyboard in Resources */,
				BF88D4EA24CAB76700607D6A /* MainTabBar.storyboard in Resources */,
				BF88D51724CABD1000607D6A /* Profile.storyboard in Resources */,
				BF88D50024CAB9F000607D6A /* TodayTodo.storyboard in Resources */,
				BF88D4F524CAB8F300607D6A /* GroupTodo.storyboard in Resources */,
			);
			runOnlyForDeploymentPostprocessing = 0;
		};
		BF88D4A224CAA83600607D6A /* Resources */ = {
			isa = PBXResourcesBuildPhase;
			buildActionMask = 2147483647;
			files = (
			);
			runOnlyForDeploymentPostprocessing = 0;
		};
		BF88D4AD24CAA83600607D6A /* Resources */ = {
			isa = PBXResourcesBuildPhase;
			buildActionMask = 2147483647;
			files = (
			);
			runOnlyForDeploymentPostprocessing = 0;
		};
/* End PBXResourcesBuildPhase section */

/* Begin PBXShellScriptBuildPhase section */
		BF88D4DF24CAAF6900607D6A /* ShellScript */ = {
			isa = PBXShellScriptBuildPhase;
			buildActionMask = 2147483647;
			files = (
			);
			inputFileListPaths = (
			);
			inputPaths = (
			);
			outputFileListPaths = (
			);
			outputPaths = (
			);
			runOnlyForDeploymentPostprocessing = 0;
			shellPath = /bin/sh;
			shellScript = "if which swiftlint >/dev/null; then\n  swiftlint\nelse\n  echo \"SwiftLint does not exist, download from https://github.com/realm/SwiftLint\"\nfi\n";
		};
/* End PBXShellScriptBuildPhase section */

/* Begin PBXSourcesBuildPhase section */
		BF88D48A24CAA83300607D6A /* Sources */ = {
			isa = PBXSourcesBuildPhase;
			buildActionMask = 2147483647;
			files = (
				BF88D4E824CAB6AA00607D6A /* MainTabBarBuilder.swift in Sources */,
				BF88D4D224CAAA9300607D6A /* SampleViewBuilder.swift in Sources */,
				BF88D4FC24CAB9A100607D6A /* TodayTodoViewPresenter.swift in Sources */,
				BF88D49224CAA83300607D6A /* AppDelegate.swift in Sources */,
				BF88D4E224CAB67C00607D6A /* MainTabBarViewController.swift in Sources */,
				BF88D4CE24CAAA0B00607D6A /* Routes.swift in Sources */,
				BF88D51124CABCBD00607D6A /* ProfileViewController.swift in Sources */,
				BF88D4F824CAB99500607D6A /* TodayTodoViewbuilder.swift in Sources */,
				BF88D50F24CABCB700607D6A /* ProfileViewBuilder.swift in Sources */,
				BF88D4D624CAAAB200607D6A /* SampleViewModel.swift in Sources */,
				BF88D51524CABCC800607D6A /* ProfileViewModel.swift in Sources */,
				BF88D4FE24CAB9A600607D6A /* TodayTodoViewModel.swift in Sources */,
				BF88D51324CABCC300607D6A /* ProfileViewPresenter.swift in Sources */,
				BF88D4D024CAAA8D00607D6A /* SampleViewController.swift in Sources */,
				BF88D4E624CAB6A200607D6A /* MainTabBarPresenter.swift in Sources */,
				BF88D4F324CAB89500607D6A /* GroupTodoViewModel.swift in Sources */,
				BF88D4E424CAB69C00607D6A /* MainTabBarModel.swift in Sources */,
				BF88D4ED24CAB88500607D6A /* GroupTodoViewBuilder.swift in Sources */,
				BF88D51924CAC4D600607D6A /* GroupTableViewCell.swift in Sources */,
				BF88D4EF24CAB88A00607D6A /* GroupTodoViewController.swift in Sources */,
				BF88D4DA24CAAB3F00607D6A /* ExUIViewController.swift in Sources */,
				BF88D4FA24CAB99C00607D6A /* TodayTodoViewController.swift in Sources */,
				BF88D51B24CACEEC00607D6A /* TodayTodoCollectionViewCell.swift in Sources */,
				BF88D4DC24CAAB5100607D6A /* ExUIView.swift in Sources */,
				BF88D4F124CAB89000607D6A /* GroupTodoViewPresenter.swift in Sources */,
				BF88D49424CAA83300607D6A /* SceneDelegate.swift in Sources */,
				BF88D4D424CAAAA000607D6A /* SampleViewPresenter.swift in Sources */,
				BF88D4DE24CAAB6600607D6A /* ExString.swift in Sources */,
			);
			runOnlyForDeploymentPostprocessing = 0;
		};
		BF88D4A024CAA83600607D6A /* Sources */ = {
			isa = PBXSourcesBuildPhase;
			buildActionMask = 2147483647;
			files = (
				BF88D4A924CAA83600607D6A /* ShareTodoTests.swift in Sources */,
			);
			runOnlyForDeploymentPostprocessing = 0;
		};
		BF88D4AB24CAA83600607D6A /* Sources */ = {
			isa = PBXSourcesBuildPhase;
			buildActionMask = 2147483647;
			files = (
				BF88D4B424CAA83600607D6A /* ShareTodoUITests.swift in Sources */,
			);
			runOnlyForDeploymentPostprocessing = 0;
		};
/* End PBXSourcesBuildPhase section */

/* Begin PBXTargetDependency section */
		BF88D4A624CAA83600607D6A /* PBXTargetDependency */ = {
			isa = PBXTargetDependency;
			target = BF88D48D24CAA83300607D6A /* ShareTodo */;
			targetProxy = BF88D4A524CAA83600607D6A /* PBXContainerItemProxy */;
		};
		BF88D4B124CAA83600607D6A /* PBXTargetDependency */ = {
			isa = PBXTargetDependency;
			target = BF88D48D24CAA83300607D6A /* ShareTodo */;
			targetProxy = BF88D4B024CAA83600607D6A /* PBXContainerItemProxy */;
		};
/* End PBXTargetDependency section */

/* Begin XCBuildConfiguration section */
		BF88D4B624CAA83600607D6A /* Debug */ = {
			isa = XCBuildConfiguration;
			buildSettings = {
				ALWAYS_SEARCH_USER_PATHS = NO;
				CLANG_ANALYZER_NONNULL = YES;
				CLANG_ANALYZER_NUMBER_OBJECT_CONVERSION = YES_AGGRESSIVE;
				CLANG_CXX_LANGUAGE_STANDARD = "gnu++14";
				CLANG_CXX_LIBRARY = "libc++";
				CLANG_ENABLE_MODULES = YES;
				CLANG_ENABLE_OBJC_ARC = YES;
				CLANG_ENABLE_OBJC_WEAK = YES;
				CLANG_WARN_BLOCK_CAPTURE_AUTORELEASING = YES;
				CLANG_WARN_BOOL_CONVERSION = YES;
				CLANG_WARN_COMMA = YES;
				CLANG_WARN_CONSTANT_CONVERSION = YES;
				CLANG_WARN_DEPRECATED_OBJC_IMPLEMENTATIONS = YES;
				CLANG_WARN_DIRECT_OBJC_ISA_USAGE = YES_ERROR;
				CLANG_WARN_DOCUMENTATION_COMMENTS = YES;
				CLANG_WARN_EMPTY_BODY = YES;
				CLANG_WARN_ENUM_CONVERSION = YES;
				CLANG_WARN_INFINITE_RECURSION = YES;
				CLANG_WARN_INT_CONVERSION = YES;
				CLANG_WARN_NON_LITERAL_NULL_CONVERSION = YES;
				CLANG_WARN_OBJC_IMPLICIT_RETAIN_SELF = YES;
				CLANG_WARN_OBJC_LITERAL_CONVERSION = YES;
				CLANG_WARN_OBJC_ROOT_CLASS = YES_ERROR;
				CLANG_WARN_RANGE_LOOP_ANALYSIS = YES;
				CLANG_WARN_STRICT_PROTOTYPES = YES;
				CLANG_WARN_SUSPICIOUS_MOVE = YES;
				CLANG_WARN_UNGUARDED_AVAILABILITY = YES_AGGRESSIVE;
				CLANG_WARN_UNREACHABLE_CODE = YES;
				CLANG_WARN__DUPLICATE_METHOD_MATCH = YES;
				COPY_PHASE_STRIP = NO;
				DEBUG_INFORMATION_FORMAT = dwarf;
				ENABLE_STRICT_OBJC_MSGSEND = YES;
				ENABLE_TESTABILITY = YES;
				GCC_C_LANGUAGE_STANDARD = gnu11;
				GCC_DYNAMIC_NO_PIC = NO;
				GCC_NO_COMMON_BLOCKS = YES;
				GCC_OPTIMIZATION_LEVEL = 0;
				GCC_PREPROCESSOR_DEFINITIONS = (
					"DEBUG=1",
					"$(inherited)",
				);
				GCC_WARN_64_TO_32_BIT_CONVERSION = YES;
				GCC_WARN_ABOUT_RETURN_TYPE = YES_ERROR;
				GCC_WARN_UNDECLARED_SELECTOR = YES;
				GCC_WARN_UNINITIALIZED_AUTOS = YES_AGGRESSIVE;
				GCC_WARN_UNUSED_FUNCTION = YES;
				GCC_WARN_UNUSED_VARIABLE = YES;
				IPHONEOS_DEPLOYMENT_TARGET = 13.5;
				MTL_ENABLE_DEBUG_INFO = INCLUDE_SOURCE;
				MTL_FAST_MATH = YES;
				ONLY_ACTIVE_ARCH = YES;
				SDKROOT = iphoneos;
				SWIFT_ACTIVE_COMPILATION_CONDITIONS = DEBUG;
				SWIFT_OPTIMIZATION_LEVEL = "-Onone";
			};
			name = Debug;
		};
		BF88D4B724CAA83600607D6A /* Release */ = {
			isa = XCBuildConfiguration;
			buildSettings = {
				ALWAYS_SEARCH_USER_PATHS = NO;
				CLANG_ANALYZER_NONNULL = YES;
				CLANG_ANALYZER_NUMBER_OBJECT_CONVERSION = YES_AGGRESSIVE;
				CLANG_CXX_LANGUAGE_STANDARD = "gnu++14";
				CLANG_CXX_LIBRARY = "libc++";
				CLANG_ENABLE_MODULES = YES;
				CLANG_ENABLE_OBJC_ARC = YES;
				CLANG_ENABLE_OBJC_WEAK = YES;
				CLANG_WARN_BLOCK_CAPTURE_AUTORELEASING = YES;
				CLANG_WARN_BOOL_CONVERSION = YES;
				CLANG_WARN_COMMA = YES;
				CLANG_WARN_CONSTANT_CONVERSION = YES;
				CLANG_WARN_DEPRECATED_OBJC_IMPLEMENTATIONS = YES;
				CLANG_WARN_DIRECT_OBJC_ISA_USAGE = YES_ERROR;
				CLANG_WARN_DOCUMENTATION_COMMENTS = YES;
				CLANG_WARN_EMPTY_BODY = YES;
				CLANG_WARN_ENUM_CONVERSION = YES;
				CLANG_WARN_INFINITE_RECURSION = YES;
				CLANG_WARN_INT_CONVERSION = YES;
				CLANG_WARN_NON_LITERAL_NULL_CONVERSION = YES;
				CLANG_WARN_OBJC_IMPLICIT_RETAIN_SELF = YES;
				CLANG_WARN_OBJC_LITERAL_CONVERSION = YES;
				CLANG_WARN_OBJC_ROOT_CLASS = YES_ERROR;
				CLANG_WARN_RANGE_LOOP_ANALYSIS = YES;
				CLANG_WARN_STRICT_PROTOTYPES = YES;
				CLANG_WARN_SUSPICIOUS_MOVE = YES;
				CLANG_WARN_UNGUARDED_AVAILABILITY = YES_AGGRESSIVE;
				CLANG_WARN_UNREACHABLE_CODE = YES;
				CLANG_WARN__DUPLICATE_METHOD_MATCH = YES;
				COPY_PHASE_STRIP = NO;
				DEBUG_INFORMATION_FORMAT = "dwarf-with-dsym";
				ENABLE_NS_ASSERTIONS = NO;
				ENABLE_STRICT_OBJC_MSGSEND = YES;
				GCC_C_LANGUAGE_STANDARD = gnu11;
				GCC_NO_COMMON_BLOCKS = YES;
				GCC_WARN_64_TO_32_BIT_CONVERSION = YES;
				GCC_WARN_ABOUT_RETURN_TYPE = YES_ERROR;
				GCC_WARN_UNDECLARED_SELECTOR = YES;
				GCC_WARN_UNINITIALIZED_AUTOS = YES_AGGRESSIVE;
				GCC_WARN_UNUSED_FUNCTION = YES;
				GCC_WARN_UNUSED_VARIABLE = YES;
				IPHONEOS_DEPLOYMENT_TARGET = 13.5;
				MTL_ENABLE_DEBUG_INFO = NO;
				MTL_FAST_MATH = YES;
				SDKROOT = iphoneos;
				SWIFT_COMPILATION_MODE = wholemodule;
				SWIFT_OPTIMIZATION_LEVEL = "-O";
				VALIDATE_PRODUCT = YES;
			};
			name = Release;
		};
		BF88D4B924CAA83600607D6A /* Debug */ = {
			isa = XCBuildConfiguration;
			buildSettings = {
				ASSETCATALOG_COMPILER_APPICON_NAME = AppIcon;
				CODE_SIGN_STYLE = Automatic;
				DEVELOPMENT_TEAM = 9R4W53MKG7;
				INFOPLIST_FILE = ShareTodo/Resources/Info/Info.plist;
				LD_RUNPATH_SEARCH_PATHS = (
					"$(inherited)",
					"@executable_path/Frameworks",
				);
				PRODUCT_BUNDLE_IDENTIFIER = com.Taped.ShareTodo;
				PRODUCT_NAME = "$(TARGET_NAME)";
				SWIFT_VERSION = 5.0;
				TARGETED_DEVICE_FAMILY = "1,2";
			};
			name = Debug;
		};
		BF88D4BA24CAA83600607D6A /* Release */ = {
			isa = XCBuildConfiguration;
			buildSettings = {
				ASSETCATALOG_COMPILER_APPICON_NAME = AppIcon;
				CODE_SIGN_STYLE = Automatic;
				DEVELOPMENT_TEAM = 9R4W53MKG7;
				INFOPLIST_FILE = ShareTodo/Resources/Info/Info.plist;
				LD_RUNPATH_SEARCH_PATHS = (
					"$(inherited)",
					"@executable_path/Frameworks",
				);
				PRODUCT_BUNDLE_IDENTIFIER = com.Taped.ShareTodo;
				PRODUCT_NAME = "$(TARGET_NAME)";
				SWIFT_VERSION = 5.0;
				TARGETED_DEVICE_FAMILY = "1,2";
			};
			name = Release;
		};
		BF88D4BC24CAA83600607D6A /* Debug */ = {
			isa = XCBuildConfiguration;
			buildSettings = {
				ALWAYS_EMBED_SWIFT_STANDARD_LIBRARIES = YES;
				BUNDLE_LOADER = "$(TEST_HOST)";
				CODE_SIGN_STYLE = Automatic;
				DEVELOPMENT_TEAM = 9R4W53MKG7;
				INFOPLIST_FILE = ShareTodoTests/Info.plist;
				IPHONEOS_DEPLOYMENT_TARGET = 13.5;
				LD_RUNPATH_SEARCH_PATHS = (
					"$(inherited)",
					"@executable_path/Frameworks",
					"@loader_path/Frameworks",
				);
				PRODUCT_BUNDLE_IDENTIFIER = com.Taped.ShareTodoTests;
				PRODUCT_NAME = "$(TARGET_NAME)";
				SWIFT_VERSION = 5.0;
				TARGETED_DEVICE_FAMILY = "1,2";
				TEST_HOST = "$(BUILT_PRODUCTS_DIR)/ShareTodo.app/ShareTodo";
			};
			name = Debug;
		};
		BF88D4BD24CAA83600607D6A /* Release */ = {
			isa = XCBuildConfiguration;
			buildSettings = {
				ALWAYS_EMBED_SWIFT_STANDARD_LIBRARIES = YES;
				BUNDLE_LOADER = "$(TEST_HOST)";
				CODE_SIGN_STYLE = Automatic;
				DEVELOPMENT_TEAM = 9R4W53MKG7;
				INFOPLIST_FILE = ShareTodoTests/Info.plist;
				IPHONEOS_DEPLOYMENT_TARGET = 13.5;
				LD_RUNPATH_SEARCH_PATHS = (
					"$(inherited)",
					"@executable_path/Frameworks",
					"@loader_path/Frameworks",
				);
				PRODUCT_BUNDLE_IDENTIFIER = com.Taped.ShareTodoTests;
				PRODUCT_NAME = "$(TARGET_NAME)";
				SWIFT_VERSION = 5.0;
				TARGETED_DEVICE_FAMILY = "1,2";
				TEST_HOST = "$(BUILT_PRODUCTS_DIR)/ShareTodo.app/ShareTodo";
			};
			name = Release;
		};
		BF88D4BF24CAA83600607D6A /* Debug */ = {
			isa = XCBuildConfiguration;
			buildSettings = {
				ALWAYS_EMBED_SWIFT_STANDARD_LIBRARIES = YES;
				CODE_SIGN_STYLE = Automatic;
				DEVELOPMENT_TEAM = 9R4W53MKG7;
				INFOPLIST_FILE = ShareTodoUITests/Info.plist;
				LD_RUNPATH_SEARCH_PATHS = (
					"$(inherited)",
					"@executable_path/Frameworks",
					"@loader_path/Frameworks",
				);
				PRODUCT_BUNDLE_IDENTIFIER = com.Taped.ShareTodoUITests;
				PRODUCT_NAME = "$(TARGET_NAME)";
				SWIFT_VERSION = 5.0;
				TARGETED_DEVICE_FAMILY = "1,2";
				TEST_TARGET_NAME = ShareTodo;
			};
			name = Debug;
		};
		BF88D4C024CAA83600607D6A /* Release */ = {
			isa = XCBuildConfiguration;
			buildSettings = {
				ALWAYS_EMBED_SWIFT_STANDARD_LIBRARIES = YES;
				CODE_SIGN_STYLE = Automatic;
				DEVELOPMENT_TEAM = 9R4W53MKG7;
				INFOPLIST_FILE = ShareTodoUITests/Info.plist;
				LD_RUNPATH_SEARCH_PATHS = (
					"$(inherited)",
					"@executable_path/Frameworks",
					"@loader_path/Frameworks",
				);
				PRODUCT_BUNDLE_IDENTIFIER = com.Taped.ShareTodoUITests;
				PRODUCT_NAME = "$(TARGET_NAME)";
				SWIFT_VERSION = 5.0;
				TARGETED_DEVICE_FAMILY = "1,2";
				TEST_TARGET_NAME = ShareTodo;
			};
			name = Release;
		};
/* End XCBuildConfiguration section */

/* Begin XCConfigurationList section */
		BF88D48924CAA83300607D6A /* Build configuration list for PBXProject "ShareTodo" */ = {
			isa = XCConfigurationList;
			buildConfigurations = (
				BF88D4B624CAA83600607D6A /* Debug */,
				BF88D4B724CAA83600607D6A /* Release */,
			);
			defaultConfigurationIsVisible = 0;
			defaultConfigurationName = Release;
		};
		BF88D4B824CAA83600607D6A /* Build configuration list for PBXNativeTarget "ShareTodo" */ = {
			isa = XCConfigurationList;
			buildConfigurations = (
				BF88D4B924CAA83600607D6A /* Debug */,
				BF88D4BA24CAA83600607D6A /* Release */,
			);
			defaultConfigurationIsVisible = 0;
			defaultConfigurationName = Release;
		};
		BF88D4BB24CAA83600607D6A /* Build configuration list for PBXNativeTarget "ShareTodoTests" */ = {
			isa = XCConfigurationList;
			buildConfigurations = (
				BF88D4BC24CAA83600607D6A /* Debug */,
				BF88D4BD24CAA83600607D6A /* Release */,
			);
			defaultConfigurationIsVisible = 0;
			defaultConfigurationName = Release;
		};
		BF88D4BE24CAA83600607D6A /* Build configuration list for PBXNativeTarget "ShareTodoUITests" */ = {
			isa = XCConfigurationList;
			buildConfigurations = (
				BF88D4BF24CAA83600607D6A /* Debug */,
				BF88D4C024CAA83600607D6A /* Release */,
			);
			defaultConfigurationIsVisible = 0;
			defaultConfigurationName = Release;
		};
/* End XCConfigurationList section */
	};
	rootObject = BF88D48624CAA83300607D6A /* Project object */;
}
