// !$*UTF8*$!
{
	archiveVersion = 1;
	classes = {
	};
	objectVersion = 50;
	objects = {

/* Begin PBXBuildFile section */
		BF88D49224CAA83300607D6A /* AppDelegate.swift in Sources */ = {isa = PBXBuildFile; fileRef = BF88D49124CAA83300607D6A /* AppDelegate.swift */; };
		BF88D49424CAA83300607D6A /* SceneDelegate.swift in Sources */ = {isa = PBXBuildFile; fileRef = BF88D49324CAA83300607D6A /* SceneDelegate.swift */; };
		BF88D4A924CAA83600607D6A /* ShareTodoTests.swift in Sources */ = {isa = PBXBuildFile; fileRef = BF88D4A824CAA83600607D6A /* ShareTodoTests.swift */; };
		BF88D4B424CAA83600607D6A /* ShareTodoUITests.swift in Sources */ = {isa = PBXBuildFile; fileRef = BF88D4B324CAA83600607D6A /* ShareTodoUITests.swift */; };
		BF88D4CE24CAAA0B00607D6A /* Routes.swift in Sources */ = {isa = PBXBuildFile; fileRef = BF88D4CD24CAAA0B00607D6A /* Routes.swift */; };
		BF88D4D024CAAA8D00607D6A /* SampleViewController.swift in Sources */ = {isa = PBXBuildFile; fileRef = BF88D4CF24CAAA8D00607D6A /* SampleViewController.swift */; };
		BF88D4D224CAAA9300607D6A /* SampleViewBuilder.swift in Sources */ = {isa = PBXBuildFile; fileRef = BF88D4D124CAAA9300607D6A /* SampleViewBuilder.swift */; };
		BF88D4D424CAAAA000607D6A /* SampleViewPresenter.swift in Sources */ = {isa = PBXBuildFile; fileRef = BF88D4D324CAAAA000607D6A /* SampleViewPresenter.swift */; };
		BF88D4D624CAAAB200607D6A /* SampleViewModel.swift in Sources */ = {isa = PBXBuildFile; fileRef = BF88D4D524CAAAB200607D6A /* SampleViewModel.swift */; };
		BF88D4D824CAAB1100607D6A /* Sample.storyboard in Resources */ = {isa = PBXBuildFile; fileRef = BF88D4D724CAAB1100607D6A /* Sample.storyboard */; };
		BF88D4DA24CAAB3F00607D6A /* ExUIViewController.swift in Sources */ = {isa = PBXBuildFile; fileRef = BF88D4D924CAAB3F00607D6A /* ExUIViewController.swift */; };
		BF88D4DC24CAAB5100607D6A /* ExUIView.swift in Sources */ = {isa = PBXBuildFile; fileRef = BF88D4DB24CAAB5100607D6A /* ExUIView.swift */; };
		BF88D4DE24CAAB6600607D6A /* ExString.swift in Sources */ = {isa = PBXBuildFile; fileRef = BF88D4DD24CAAB6600607D6A /* ExString.swift */; };
		BF88D4E224CAB67C00607D6A /* MainTabBarViewController.swift in Sources */ = {isa = PBXBuildFile; fileRef = BF88D4E124CAB67C00607D6A /* MainTabBarViewController.swift */; };
		BF88D4E424CAB69C00607D6A /* MainTabBarModel.swift in Sources */ = {isa = PBXBuildFile; fileRef = BF88D4E324CAB69C00607D6A /* MainTabBarModel.swift */; };
		BF88D4E624CAB6A200607D6A /* MainTabBarPresenter.swift in Sources */ = {isa = PBXBuildFile; fileRef = BF88D4E524CAB6A200607D6A /* MainTabBarPresenter.swift */; };
		BF88D4E824CAB6AA00607D6A /* MainTabBarBuilder.swift in Sources */ = {isa = PBXBuildFile; fileRef = BF88D4E724CAB6AA00607D6A /* MainTabBarBuilder.swift */; };
		BF88D4EA24CAB76700607D6A /* MainTabBar.storyboard in Resources */ = {isa = PBXBuildFile; fileRef = BF88D4E924CAB76700607D6A /* MainTabBar.storyboard */; };
		BF88D4ED24CAB88500607D6A /* GroupTodoViewBuilder.swift in Sources */ = {isa = PBXBuildFile; fileRef = BF88D4EC24CAB88500607D6A /* GroupTodoViewBuilder.swift */; };
		BF88D4EF24CAB88A00607D6A /* GroupTodoViewController.swift in Sources */ = {isa = PBXBuildFile; fileRef = BF88D4EE24CAB88A00607D6A /* GroupTodoViewController.swift */; };
		BF88D4F124CAB89000607D6A /* GroupTodoViewPresenter.swift in Sources */ = {isa = PBXBuildFile; fileRef = BF88D4F024CAB89000607D6A /* GroupTodoViewPresenter.swift */; };
		BF88D4F324CAB89500607D6A /* GroupTodoViewModel.swift in Sources */ = {isa = PBXBuildFile; fileRef = BF88D4F224CAB89500607D6A /* GroupTodoViewModel.swift */; };
		BF88D4F524CAB8F300607D6A /* GroupTodo.storyboard in Resources */ = {isa = PBXBuildFile; fileRef = BF88D4F424CAB8F300607D6A /* GroupTodo.storyboard */; };
		BF88D4F824CAB99500607D6A /* TodayTodoViewbuilder.swift in Sources */ = {isa = PBXBuildFile; fileRef = BF88D4F724CAB99500607D6A /* TodayTodoViewbuilder.swift */; };
		BF88D4FA24CAB99C00607D6A /* TodayTodoViewController.swift in Sources */ = {isa = PBXBuildFile; fileRef = BF88D4F924CAB99C00607D6A /* TodayTodoViewController.swift */; };
		BF88D4FC24CAB9A100607D6A /* TodayTodoViewPresenter.swift in Sources */ = {isa = PBXBuildFile; fileRef = BF88D4FB24CAB9A100607D6A /* TodayTodoViewPresenter.swift */; };
		BF88D4FE24CAB9A600607D6A /* TodayTodoViewModel.swift in Sources */ = {isa = PBXBuildFile; fileRef = BF88D4FD24CAB9A600607D6A /* TodayTodoViewModel.swift */; };
		BF88D50024CAB9F000607D6A /* TodayTodo.storyboard in Resources */ = {isa = PBXBuildFile; fileRef = BF88D4FF24CAB9F000607D6A /* TodayTodo.storyboard */; };
		BF88D50F24CABCB700607D6A /* ProfileViewBuilder.swift in Sources */ = {isa = PBXBuildFile; fileRef = BF88D50E24CABCB700607D6A /* ProfileViewBuilder.swift */; };
		BF88D51124CABCBD00607D6A /* ProfileViewController.swift in Sources */ = {isa = PBXBuildFile; fileRef = BF88D51024CABCBD00607D6A /* ProfileViewController.swift */; };
		BF88D51324CABCC300607D6A /* ProfileViewPresenter.swift in Sources */ = {isa = PBXBuildFile; fileRef = BF88D51224CABCC300607D6A /* ProfileViewPresenter.swift */; };
		BF88D51524CABCC800607D6A /* ProfileViewModel.swift in Sources */ = {isa = PBXBuildFile; fileRef = BF88D51424CABCC800607D6A /* ProfileViewModel.swift */; };
		BF88D51724CABD1000607D6A /* Profile.storyboard in Resources */ = {isa = PBXBuildFile; fileRef = BF88D51624CABD1000607D6A /* Profile.storyboard */; };
		BF88D51924CAC4D600607D6A /* GroupTableViewCell.swift in Sources */ = {isa = PBXBuildFile; fileRef = BF88D51824CAC4D600607D6A /* GroupTableViewCell.swift */; };
		BF88D51B24CACEEC00607D6A /* TodayTodoCollectionViewCell.swift in Sources */ = {isa = PBXBuildFile; fileRef = BF88D51A24CACEEC00607D6A /* TodayTodoCollectionViewCell.swift */; };
		BF97244C24CC6B070033BB50 /* EditProfileViewBuilder.swift in Sources */ = {isa = PBXBuildFile; fileRef = BF97244B24CC6B070033BB50 /* EditProfileViewBuilder.swift */; };
		BF97244E24CC6B0D0033BB50 /* EditProfileViewController.swift in Sources */ = {isa = PBXBuildFile; fileRef = BF97244D24CC6B0D0033BB50 /* EditProfileViewController.swift */; };
		BF97245024CC6B130033BB50 /* EditProfileViewPresenter.swift in Sources */ = {isa = PBXBuildFile; fileRef = BF97244F24CC6B130033BB50 /* EditProfileViewPresenter.swift */; };
		BF97245224CC6B1B0033BB50 /* EditProfileViewModel.swift in Sources */ = {isa = PBXBuildFile; fileRef = BF97245124CC6B1B0033BB50 /* EditProfileViewModel.swift */; };
		BF97245424CC6BD80033BB50 /* EditProfile.storyboard in Resources */ = {isa = PBXBuildFile; fileRef = BF97245324CC6BD80033BB50 /* EditProfile.storyboard */; };
		BF97245624CC75D70033BB50 /* ExTextField.swift in Sources */ = {isa = PBXBuildFile; fileRef = BF97245524CC75D70033BB50 /* ExTextField.swift */; };
		BF97246D24CD24AD0033BB50 /* leveldb-library.framework in Frameworks */ = {isa = PBXBuildFile; fileRef = BF97245824CD24AC0033BB50 /* leveldb-library.framework */; };
		BF97246F24CD24AD0033BB50 /* FirebaseFirestore.framework in Frameworks */ = {isa = PBXBuildFile; fileRef = BF97245924CD24AC0033BB50 /* FirebaseFirestore.framework */; };
		BF97247124CD24AD0033BB50 /* BoringSSL-GRPC.framework in Frameworks */ = {isa = PBXBuildFile; fileRef = BF97245A24CD24AC0033BB50 /* BoringSSL-GRPC.framework */; };
		BF97247324CD24AD0033BB50 /* FirebaseCore.framework in Frameworks */ = {isa = PBXBuildFile; fileRef = BF97245B24CD24AC0033BB50 /* FirebaseCore.framework */; };
		BF97247524CD24AD0033BB50 /* FirebaseStorage.framework in Frameworks */ = {isa = PBXBuildFile; fileRef = BF97245C24CD24AC0033BB50 /* FirebaseStorage.framework */; };
		BF97247724CD24AD0033BB50 /* FirebaseAuth.framework in Frameworks */ = {isa = PBXBuildFile; fileRef = BF97245D24CD24AC0033BB50 /* FirebaseAuth.framework */; };
		BF97247924CD24AE0033BB50 /* FIRAnalyticsConnector.framework in Frameworks */ = {isa = PBXBuildFile; fileRef = BF97245E24CD24AC0033BB50 /* FIRAnalyticsConnector.framework */; };
		BF97247B24CD24AE0033BB50 /* nanopb.framework in Frameworks */ = {isa = PBXBuildFile; fileRef = BF97245F24CD24AC0033BB50 /* nanopb.framework */; };
		BF97247D24CD24AE0033BB50 /* GoogleDataTransport.framework in Frameworks */ = {isa = PBXBuildFile; fileRef = BF97246024CD24AC0033BB50 /* GoogleDataTransport.framework */; };
		BF97247F24CD24AE0033BB50 /* FirebaseAnalytics.framework in Frameworks */ = {isa = PBXBuildFile; fileRef = BF97246124CD24AC0033BB50 /* FirebaseAnalytics.framework */; };
		BF97248124CD24AE0033BB50 /* gRPC-C++.framework in Frameworks */ = {isa = PBXBuildFile; fileRef = BF97246224CD24AC0033BB50 /* gRPC-C++.framework */; };
		BF97248324CD24AE0033BB50 /* PromisesObjC.framework in Frameworks */ = {isa = PBXBuildFile; fileRef = BF97246324CD24AC0033BB50 /* PromisesObjC.framework */; };
		BF97248524CD24AF0033BB50 /* abseil.framework in Frameworks */ = {isa = PBXBuildFile; fileRef = BF97246424CD24AD0033BB50 /* abseil.framework */; };
		BF97248924CD24AF0033BB50 /* FirebaseCoreDiagnostics.framework in Frameworks */ = {isa = PBXBuildFile; fileRef = BF97246624CD24AD0033BB50 /* FirebaseCoreDiagnostics.framework */; };
		BF97248D24CD24B00033BB50 /* GoogleAppMeasurement.framework in Frameworks */ = {isa = PBXBuildFile; fileRef = BF97246824CD24AD0033BB50 /* GoogleAppMeasurement.framework */; };
		BF97248F24CD24B00033BB50 /* FirebaseInstallations.framework in Frameworks */ = {isa = PBXBuildFile; fileRef = BF97246924CD24AD0033BB50 /* FirebaseInstallations.framework */; };
		BF97249124CD24B00033BB50 /* GTMSessionFetcher.framework in Frameworks */ = {isa = PBXBuildFile; fileRef = BF97246A24CD24AD0033BB50 /* GTMSessionFetcher.framework */; };
		BF97249324CD24B10033BB50 /* GoogleUtilities.framework in Frameworks */ = {isa = PBXBuildFile; fileRef = BF97246B24CD24AD0033BB50 /* GoogleUtilities.framework */; };
		BF97249524CD24B10033BB50 /* gRPC-Core.framework in Frameworks */ = {isa = PBXBuildFile; fileRef = BF97246C24CD24AD0033BB50 /* gRPC-Core.framework */; };
		BF97249C24CD27010033BB50 /* GoogleService-Info.plist in Resources */ = {isa = PBXBuildFile; fileRef = BF97249B24CD27010033BB50 /* GoogleService-Info.plist */; };
		BF9724A324CD2B180033BB50 /* StoreKit.framework in Frameworks */ = {isa = PBXBuildFile; fileRef = BF9724A224CD2B180033BB50 /* StoreKit.framework */; };
		BF9724A724CD2C930033BB50 /* libc++.tbd in Frameworks */ = {isa = PBXBuildFile; fileRef = BF9724A424CD2BA70033BB50 /* libc++.tbd */; };
		BF9724A824CD2CAD0033BB50 /* libsqlite3.tbd in Frameworks */ = {isa = PBXBuildFile; fileRef = BF9724A524CD2BCC0033BB50 /* libsqlite3.tbd */; };
		BF9724A924CD2CB60033BB50 /* libz.tbd in Frameworks */ = {isa = PBXBuildFile; fileRef = BF9724A624CD2BDF0033BB50 /* libz.tbd */; };
		BFD435CF24CD2EBC00B2E580 /* CropViewController.framework in Frameworks */ = {isa = PBXBuildFile; fileRef = BF97246524CD24AD0033BB50 /* CropViewController.framework */; };
		BFD435D024CD2EBD00B2E580 /* CropViewController.framework in Embed Frameworks */ = {isa = PBXBuildFile; fileRef = BF97246524CD24AD0033BB50 /* CropViewController.framework */; settings = {ATTRIBUTES = (CodeSignOnCopy, RemoveHeadersOnCopy, ); }; };
		BFD435E124CD333D00B2E580 /* ExplicitNull.swift in Sources */ = {isa = PBXBuildFile; fileRef = BFD435D324CD333C00B2E580 /* ExplicitNull.swift */; };
		BFD435E224CD333D00B2E580 /* CollectionReference+WriteEncodable.swift in Sources */ = {isa = PBXBuildFile; fileRef = BFD435D424CD333C00B2E580 /* CollectionReference+WriteEncodable.swift */; };
		BFD435E324CD333D00B2E580 /* CodablePassThroughTypes.swift in Sources */ = {isa = PBXBuildFile; fileRef = BFD435D524CD333C00B2E580 /* CodablePassThroughTypes.swift */; };
		BFD435E424CD333D00B2E580 /* CodableErrors.swift in Sources */ = {isa = PBXBuildFile; fileRef = BFD435D624CD333C00B2E580 /* CodableErrors.swift */; };
		BFD435E524CD333D00B2E580 /* FieldValue+Encodable.swift in Sources */ = {isa = PBXBuildFile; fileRef = BFD435D724CD333C00B2E580 /* FieldValue+Encodable.swift */; };
		BFD435E624CD333D00B2E580 /* DocumentReference+Codable.swift in Sources */ = {isa = PBXBuildFile; fileRef = BFD435D824CD333C00B2E580 /* DocumentReference+Codable.swift */; };
		BFD435E724CD333D00B2E580 /* Timestamp+Codable.swift in Sources */ = {isa = PBXBuildFile; fileRef = BFD435D924CD333C00B2E580 /* Timestamp+Codable.swift */; };
		BFD435E824CD333D00B2E580 /* WriteBatch+WriteEncodable.swift in Sources */ = {isa = PBXBuildFile; fileRef = BFD435DA24CD333D00B2E580 /* WriteBatch+WriteEncodable.swift */; };
		BFD435E924CD333D00B2E580 /* Transaction+WriteEncodable.swift in Sources */ = {isa = PBXBuildFile; fileRef = BFD435DB24CD333D00B2E580 /* Transaction+WriteEncodable.swift */; };
		BFD435EA24CD333D00B2E580 /* ServerTimestamp.swift in Sources */ = {isa = PBXBuildFile; fileRef = BFD435DC24CD333D00B2E580 /* ServerTimestamp.swift */; };
		BFD435EB24CD333D00B2E580 /* DocumentSnapshot+ReadDecodable.swift in Sources */ = {isa = PBXBuildFile; fileRef = BFD435DD24CD333D00B2E580 /* DocumentSnapshot+ReadDecodable.swift */; };
		BFD435EC24CD333D00B2E580 /* DocumentID.swift in Sources */ = {isa = PBXBuildFile; fileRef = BFD435DE24CD333D00B2E580 /* DocumentID.swift */; };
		BFD435ED24CD333D00B2E580 /* DocumentReference+WriteEncodable.swift in Sources */ = {isa = PBXBuildFile; fileRef = BFD435DF24CD333D00B2E580 /* DocumentReference+WriteEncodable.swift */; };
		BFD435EE24CD333D00B2E580 /* GeoPoint+Codable.swift in Sources */ = {isa = PBXBuildFile; fileRef = BFD435E024CD333D00B2E580 /* GeoPoint+Codable.swift */; };
		BFD435F124CD346D00B2E580 /* FirestoreDecoder.swift in Sources */ = {isa = PBXBuildFile; fileRef = BFD435EF24CD346D00B2E580 /* FirestoreDecoder.swift */; };
		BFD435F224CD346D00B2E580 /* FirestoreEncoder.swift in Sources */ = {isa = PBXBuildFile; fileRef = BFD435F024CD346D00B2E580 /* FirestoreEncoder.swift */; };
		BFD435F424CD36F900B2E580 /* ExUIImageView.swift in Sources */ = {isa = PBXBuildFile; fileRef = BFD435F324CD36F900B2E580 /* ExUIImageView.swift */; };
		BFD435F724CD425B00B2E580 /* DZNEmptyDataSet.framework in Frameworks */ = {isa = PBXBuildFile; fileRef = BFD435F524CD425B00B2E580 /* DZNEmptyDataSet.framework */; };
		BFD435F824CD425B00B2E580 /* DZNEmptyDataSet.framework in Embed Frameworks */ = {isa = PBXBuildFile; fileRef = BFD435F524CD425B00B2E580 /* DZNEmptyDataSet.framework */; settings = {ATTRIBUTES = (CodeSignOnCopy, RemoveHeadersOnCopy, ); }; };
		BFD435F924CD425C00B2E580 /* SCLAlertView.framework in Frameworks */ = {isa = PBXBuildFile; fileRef = BFD435F624CD425B00B2E580 /* SCLAlertView.framework */; };
		BFD435FA24CD425C00B2E580 /* SCLAlertView.framework in Embed Frameworks */ = {isa = PBXBuildFile; fileRef = BFD435F624CD425B00B2E580 /* SCLAlertView.framework */; settings = {ATTRIBUTES = (CodeSignOnCopy, RemoveHeadersOnCopy, ); }; };
		BFD435FD24CD449F00B2E580 /* CreateNewGroupViewBuilder.swift in Sources */ = {isa = PBXBuildFile; fileRef = BFD435FC24CD449F00B2E580 /* CreateNewGroupViewBuilder.swift */; };
		BFD435FF24CD44A400B2E580 /* CreateNewGroupViewController.swift in Sources */ = {isa = PBXBuildFile; fileRef = BFD435FE24CD44A400B2E580 /* CreateNewGroupViewController.swift */; };
		BFD4360124CD44A900B2E580 /* CreateNewGroupViewPresenter.swift in Sources */ = {isa = PBXBuildFile; fileRef = BFD4360024CD44A900B2E580 /* CreateNewGroupViewPresenter.swift */; };
		BFD4360324CD44AE00B2E580 /* CreateNewGroupViewModel.swift in Sources */ = {isa = PBXBuildFile; fileRef = BFD4360224CD44AE00B2E580 /* CreateNewGroupViewModel.swift */; };
		BFD4360524CD450200B2E580 /* CreateNewGroup.storyboard in Resources */ = {isa = PBXBuildFile; fileRef = BFD4360424CD450200B2E580 /* CreateNewGroup.storyboard */; };
		BFD4360D24CD49E200B2E580 /* SearchUserTableviewCell.swift in Sources */ = {isa = PBXBuildFile; fileRef = BFD4360C24CD49E200B2E580 /* SearchUserTableviewCell.swift */; };
		BFD4360F24CD4A0900B2E580 /* SelectedUserCollectionViewCell.swift in Sources */ = {isa = PBXBuildFile; fileRef = BFD4360E24CD4A0900B2E580 /* SelectedUserCollectionViewCell.swift */; };
		BFD4361224CD4BBC00B2E580 /* User.swift in Sources */ = {isa = PBXBuildFile; fileRef = BFD4361124CD4BBC00B2E580 /* User.swift */; };
		BFD4361524CD4F5300B2E580 /* CreateNewGroupInfoViewBuilder.swift in Sources */ = {isa = PBXBuildFile; fileRef = BFD4361424CD4F5300B2E580 /* CreateNewGroupInfoViewBuilder.swift */; };
		BFD4361724CD4F5B00B2E580 /* CreateNewGroupInfoViewController.swift in Sources */ = {isa = PBXBuildFile; fileRef = BFD4361624CD4F5B00B2E580 /* CreateNewGroupInfoViewController.swift */; };
		BFD4361924CD4F6100B2E580 /* CreateNewGroupInfoViewPresenter.swift in Sources */ = {isa = PBXBuildFile; fileRef = BFD4361824CD4F6100B2E580 /* CreateNewGroupInfoViewPresenter.swift */; };
		BFD4361B24CD4F6700B2E580 /* CreateNewGroupInfoViewModel.swift in Sources */ = {isa = PBXBuildFile; fileRef = BFD4361A24CD4F6700B2E580 /* CreateNewGroupInfoViewModel.swift */; };
		BFD4361D24CD504800B2E580 /* CreateNewGroupInfo.storyboard in Resources */ = {isa = PBXBuildFile; fileRef = BFD4361C24CD504800B2E580 /* CreateNewGroupInfo.storyboard */; };
		BFD4361F24CD57F500B2E580 /* SelectedUsersAndMeCollectionViewCell.swift in Sources */ = {isa = PBXBuildFile; fileRef = BFD4361E24CD57F500B2E580 /* SelectedUsersAndMeCollectionViewCell.swift */; };
		BFD4362124CD597700B2E580 /* ExCollectionView.swift in Sources */ = {isa = PBXBuildFile; fileRef = BFD4362024CD597700B2E580 /* ExCollectionView.swift */; };
		BFD4362324CD659600B2E580 /* Group.swift in Sources */ = {isa = PBXBuildFile; fileRef = BFD4362224CD659600B2E580 /* Group.swift */; };
		BFD4362624CDAC9600B2E580 /* RegisterUserViewBuilder.swift in Sources */ = {isa = PBXBuildFile; fileRef = BFD4362524CDAC9600B2E580 /* RegisterUserViewBuilder.swift */; };
		BFD4362824CDAC9D00B2E580 /* RegisterUserViewController.swift in Sources */ = {isa = PBXBuildFile; fileRef = BFD4362724CDAC9D00B2E580 /* RegisterUserViewController.swift */; };
		BFD4362A24CDACA200B2E580 /* RegisterUserViewPresenter.swift in Sources */ = {isa = PBXBuildFile; fileRef = BFD4362924CDACA200B2E580 /* RegisterUserViewPresenter.swift */; };
		BFD4362C24CDACA700B2E580 /* RegisterUserViewModel.swift in Sources */ = {isa = PBXBuildFile; fileRef = BFD4362B24CDACA700B2E580 /* RegisterUserViewModel.swift */; };
		BFD4362E24CDAD0000B2E580 /* RegisterUser.storyboard in Resources */ = {isa = PBXBuildFile; fileRef = BFD4362D24CDAD0000B2E580 /* RegisterUser.storyboard */; };
		BFD4363024CDB1C200B2E580 /* defaultProfileImage.png in Resources */ = {isa = PBXBuildFile; fileRef = BFD4362F24CDB1C200B2E580 /* defaultProfileImage.png */; };
		BFD4366224CDC4B800B2E580 /* Nuke.framework in Frameworks */ = {isa = PBXBuildFile; fileRef = BFD4365D24CDC4AD00B2E580 /* Nuke.framework */; };
		BFD4366324CDC4B800B2E580 /* Nuke.framework in Embed Frameworks */ = {isa = PBXBuildFile; fileRef = BFD4365D24CDC4AD00B2E580 /* Nuke.framework */; settings = {ATTRIBUTES = (CodeSignOnCopy, RemoveHeadersOnCopy, ); }; };
/* End PBXBuildFile section */

/* Begin PBXContainerItemProxy section */
		BF88D4A524CAA83600607D6A /* PBXContainerItemProxy */ = {
			isa = PBXContainerItemProxy;
			containerPortal = BF88D48624CAA83300607D6A /* Project object */;
			proxyType = 1;
			remoteGlobalIDString = BF88D48D24CAA83300607D6A;
			remoteInfo = ShareTodo;
		};
		BF88D4B024CAA83600607D6A /* PBXContainerItemProxy */ = {
			isa = PBXContainerItemProxy;
			containerPortal = BF88D48624CAA83300607D6A /* Project object */;
			proxyType = 1;
			remoteGlobalIDString = BF88D48D24CAA83300607D6A;
			remoteInfo = ShareTodo;
		};
/* End PBXContainerItemProxy section */

/* Begin PBXCopyFilesBuildPhase section */
		BFD435D124CD2EBD00B2E580 /* Embed Frameworks */ = {
			isa = PBXCopyFilesBuildPhase;
			buildActionMask = 2147483647;
			dstPath = "";
			dstSubfolderSpec = 10;
			files = (
				BFD435F824CD425B00B2E580 /* DZNEmptyDataSet.framework in Embed Frameworks */,
				BFD4366324CDC4B800B2E580 /* Nuke.framework in Embed Frameworks */,
				BFD435D024CD2EBD00B2E580 /* CropViewController.framework in Embed Frameworks */,
				BFD435FA24CD425C00B2E580 /* SCLAlertView.framework in Embed Frameworks */,
			);
			name = "Embed Frameworks";
			runOnlyForDeploymentPostprocessing = 0;
		};
/* End PBXCopyFilesBuildPhase section */

/* Begin PBXFileReference section */
		BF88D48E24CAA83300607D6A /* ShareTodo.app */ = {isa = PBXFileReference; explicitFileType = wrapper.application; includeInIndex = 0; path = ShareTodo.app; sourceTree = BUILT_PRODUCTS_DIR; };
		BF88D49124CAA83300607D6A /* AppDelegate.swift */ = {isa = PBXFileReference; lastKnownFileType = sourcecode.swift; path = AppDelegate.swift; sourceTree = "<group>"; };
		BF88D49324CAA83300607D6A /* SceneDelegate.swift */ = {isa = PBXFileReference; lastKnownFileType = sourcecode.swift; path = SceneDelegate.swift; sourceTree = "<group>"; };
		BF88D49F24CAA83600607D6A /* Info.plist */ = {isa = PBXFileReference; lastKnownFileType = text.plist.xml; path = Info.plist; sourceTree = "<group>"; };
		BF88D4A424CAA83600607D6A /* ShareTodoTests.xctest */ = {isa = PBXFileReference; explicitFileType = wrapper.cfbundle; includeInIndex = 0; path = ShareTodoTests.xctest; sourceTree = BUILT_PRODUCTS_DIR; };
		BF88D4A824CAA83600607D6A /* ShareTodoTests.swift */ = {isa = PBXFileReference; lastKnownFileType = sourcecode.swift; path = ShareTodoTests.swift; sourceTree = "<group>"; };
		BF88D4AA24CAA83600607D6A /* Info.plist */ = {isa = PBXFileReference; lastKnownFileType = text.plist.xml; path = Info.plist; sourceTree = "<group>"; };
		BF88D4AF24CAA83600607D6A /* ShareTodoUITests.xctest */ = {isa = PBXFileReference; explicitFileType = wrapper.cfbundle; includeInIndex = 0; path = ShareTodoUITests.xctest; sourceTree = BUILT_PRODUCTS_DIR; };
		BF88D4B324CAA83600607D6A /* ShareTodoUITests.swift */ = {isa = PBXFileReference; lastKnownFileType = sourcecode.swift; path = ShareTodoUITests.swift; sourceTree = "<group>"; };
		BF88D4B524CAA83600607D6A /* Info.plist */ = {isa = PBXFileReference; lastKnownFileType = text.plist.xml; path = Info.plist; sourceTree = "<group>"; };
		BF88D4CD24CAAA0B00607D6A /* Routes.swift */ = {isa = PBXFileReference; lastKnownFileType = sourcecode.swift; path = Routes.swift; sourceTree = "<group>"; };
		BF88D4CF24CAAA8D00607D6A /* SampleViewController.swift */ = {isa = PBXFileReference; lastKnownFileType = sourcecode.swift; path = SampleViewController.swift; sourceTree = "<group>"; };
		BF88D4D124CAAA9300607D6A /* SampleViewBuilder.swift */ = {isa = PBXFileReference; lastKnownFileType = sourcecode.swift; path = SampleViewBuilder.swift; sourceTree = "<group>"; };
		BF88D4D324CAAAA000607D6A /* SampleViewPresenter.swift */ = {isa = PBXFileReference; lastKnownFileType = sourcecode.swift; path = SampleViewPresenter.swift; sourceTree = "<group>"; };
		BF88D4D524CAAAB200607D6A /* SampleViewModel.swift */ = {isa = PBXFileReference; lastKnownFileType = sourcecode.swift; path = SampleViewModel.swift; sourceTree = "<group>"; };
		BF88D4D724CAAB1100607D6A /* Sample.storyboard */ = {isa = PBXFileReference; lastKnownFileType = file.storyboard; path = Sample.storyboard; sourceTree = "<group>"; };
		BF88D4D924CAAB3F00607D6A /* ExUIViewController.swift */ = {isa = PBXFileReference; lastKnownFileType = sourcecode.swift; path = ExUIViewController.swift; sourceTree = "<group>"; };
		BF88D4DB24CAAB5100607D6A /* ExUIView.swift */ = {isa = PBXFileReference; lastKnownFileType = sourcecode.swift; path = ExUIView.swift; sourceTree = "<group>"; };
		BF88D4DD24CAAB6600607D6A /* ExString.swift */ = {isa = PBXFileReference; lastKnownFileType = sourcecode.swift; path = ExString.swift; sourceTree = "<group>"; };
		BF88D4E124CAB67C00607D6A /* MainTabBarViewController.swift */ = {isa = PBXFileReference; lastKnownFileType = sourcecode.swift; path = MainTabBarViewController.swift; sourceTree = "<group>"; };
		BF88D4E324CAB69C00607D6A /* MainTabBarModel.swift */ = {isa = PBXFileReference; lastKnownFileType = sourcecode.swift; path = MainTabBarModel.swift; sourceTree = "<group>"; };
		BF88D4E524CAB6A200607D6A /* MainTabBarPresenter.swift */ = {isa = PBXFileReference; lastKnownFileType = sourcecode.swift; path = MainTabBarPresenter.swift; sourceTree = "<group>"; };
		BF88D4E724CAB6AA00607D6A /* MainTabBarBuilder.swift */ = {isa = PBXFileReference; lastKnownFileType = sourcecode.swift; path = MainTabBarBuilder.swift; sourceTree = "<group>"; };
		BF88D4E924CAB76700607D6A /* MainTabBar.storyboard */ = {isa = PBXFileReference; lastKnownFileType = file.storyboard; path = MainTabBar.storyboard; sourceTree = "<group>"; };
		BF88D4EC24CAB88500607D6A /* GroupTodoViewBuilder.swift */ = {isa = PBXFileReference; lastKnownFileType = sourcecode.swift; path = GroupTodoViewBuilder.swift; sourceTree = "<group>"; };
		BF88D4EE24CAB88A00607D6A /* GroupTodoViewController.swift */ = {isa = PBXFileReference; lastKnownFileType = sourcecode.swift; path = GroupTodoViewController.swift; sourceTree = "<group>"; };
		BF88D4F024CAB89000607D6A /* GroupTodoViewPresenter.swift */ = {isa = PBXFileReference; lastKnownFileType = sourcecode.swift; path = GroupTodoViewPresenter.swift; sourceTree = "<group>"; };
		BF88D4F224CAB89500607D6A /* GroupTodoViewModel.swift */ = {isa = PBXFileReference; lastKnownFileType = sourcecode.swift; path = GroupTodoViewModel.swift; sourceTree = "<group>"; };
		BF88D4F424CAB8F300607D6A /* GroupTodo.storyboard */ = {isa = PBXFileReference; lastKnownFileType = file.storyboard; path = GroupTodo.storyboard; sourceTree = "<group>"; };
		BF88D4F724CAB99500607D6A /* TodayTodoViewbuilder.swift */ = {isa = PBXFileReference; lastKnownFileType = sourcecode.swift; path = TodayTodoViewbuilder.swift; sourceTree = "<group>"; };
		BF88D4F924CAB99C00607D6A /* TodayTodoViewController.swift */ = {isa = PBXFileReference; lastKnownFileType = sourcecode.swift; path = TodayTodoViewController.swift; sourceTree = "<group>"; };
		BF88D4FB24CAB9A100607D6A /* TodayTodoViewPresenter.swift */ = {isa = PBXFileReference; lastKnownFileType = sourcecode.swift; path = TodayTodoViewPresenter.swift; sourceTree = "<group>"; };
		BF88D4FD24CAB9A600607D6A /* TodayTodoViewModel.swift */ = {isa = PBXFileReference; lastKnownFileType = sourcecode.swift; path = TodayTodoViewModel.swift; sourceTree = "<group>"; };
		BF88D4FF24CAB9F000607D6A /* TodayTodo.storyboard */ = {isa = PBXFileReference; lastKnownFileType = file.storyboard; path = TodayTodo.storyboard; sourceTree = "<group>"; };
		BF88D50E24CABCB700607D6A /* ProfileViewBuilder.swift */ = {isa = PBXFileReference; lastKnownFileType = sourcecode.swift; path = ProfileViewBuilder.swift; sourceTree = "<group>"; };
		BF88D51024CABCBD00607D6A /* ProfileViewController.swift */ = {isa = PBXFileReference; lastKnownFileType = sourcecode.swift; path = ProfileViewController.swift; sourceTree = "<group>"; };
		BF88D51224CABCC300607D6A /* ProfileViewPresenter.swift */ = {isa = PBXFileReference; lastKnownFileType = sourcecode.swift; path = ProfileViewPresenter.swift; sourceTree = "<group>"; };
		BF88D51424CABCC800607D6A /* ProfileViewModel.swift */ = {isa = PBXFileReference; lastKnownFileType = sourcecode.swift; path = ProfileViewModel.swift; sourceTree = "<group>"; };
		BF88D51624CABD1000607D6A /* Profile.storyboard */ = {isa = PBXFileReference; lastKnownFileType = file.storyboard; path = Profile.storyboard; sourceTree = "<group>"; };
		BF88D51824CAC4D600607D6A /* GroupTableViewCell.swift */ = {isa = PBXFileReference; lastKnownFileType = sourcecode.swift; path = GroupTableViewCell.swift; sourceTree = "<group>"; };
		BF88D51A24CACEEC00607D6A /* TodayTodoCollectionViewCell.swift */ = {isa = PBXFileReference; lastKnownFileType = sourcecode.swift; path = TodayTodoCollectionViewCell.swift; sourceTree = "<group>"; };
		BF97244B24CC6B070033BB50 /* EditProfileViewBuilder.swift */ = {isa = PBXFileReference; lastKnownFileType = sourcecode.swift; path = EditProfileViewBuilder.swift; sourceTree = "<group>"; };
		BF97244D24CC6B0D0033BB50 /* EditProfileViewController.swift */ = {isa = PBXFileReference; lastKnownFileType = sourcecode.swift; path = EditProfileViewController.swift; sourceTree = "<group>"; };
		BF97244F24CC6B130033BB50 /* EditProfileViewPresenter.swift */ = {isa = PBXFileReference; lastKnownFileType = sourcecode.swift; path = EditProfileViewPresenter.swift; sourceTree = "<group>"; };
		BF97245124CC6B1B0033BB50 /* EditProfileViewModel.swift */ = {isa = PBXFileReference; lastKnownFileType = sourcecode.swift; path = EditProfileViewModel.swift; sourceTree = "<group>"; };
		BF97245324CC6BD80033BB50 /* EditProfile.storyboard */ = {isa = PBXFileReference; lastKnownFileType = file.storyboard; path = EditProfile.storyboard; sourceTree = "<group>"; };
		BF97245524CC75D70033BB50 /* ExTextField.swift */ = {isa = PBXFileReference; lastKnownFileType = sourcecode.swift; path = ExTextField.swift; sourceTree = "<group>"; };
		BF97245824CD24AC0033BB50 /* leveldb-library.framework */ = {isa = PBXFileReference; lastKnownFileType = wrapper.framework; name = "leveldb-library.framework"; path = "Carthage/Build/iOS/leveldb-library.framework"; sourceTree = "<group>"; };
		BF97245924CD24AC0033BB50 /* FirebaseFirestore.framework */ = {isa = PBXFileReference; lastKnownFileType = wrapper.framework; name = FirebaseFirestore.framework; path = Carthage/Build/iOS/FirebaseFirestore.framework; sourceTree = "<group>"; };
		BF97245A24CD24AC0033BB50 /* BoringSSL-GRPC.framework */ = {isa = PBXFileReference; lastKnownFileType = wrapper.framework; name = "BoringSSL-GRPC.framework"; path = "Carthage/Build/iOS/BoringSSL-GRPC.framework"; sourceTree = "<group>"; };
		BF97245B24CD24AC0033BB50 /* FirebaseCore.framework */ = {isa = PBXFileReference; lastKnownFileType = wrapper.framework; name = FirebaseCore.framework; path = Carthage/Build/iOS/FirebaseCore.framework; sourceTree = "<group>"; };
		BF97245C24CD24AC0033BB50 /* FirebaseStorage.framework */ = {isa = PBXFileReference; lastKnownFileType = wrapper.framework; name = FirebaseStorage.framework; path = Carthage/Build/iOS/FirebaseStorage.framework; sourceTree = "<group>"; };
		BF97245D24CD24AC0033BB50 /* FirebaseAuth.framework */ = {isa = PBXFileReference; lastKnownFileType = wrapper.framework; name = FirebaseAuth.framework; path = Carthage/Build/iOS/FirebaseAuth.framework; sourceTree = "<group>"; };
		BF97245E24CD24AC0033BB50 /* FIRAnalyticsConnector.framework */ = {isa = PBXFileReference; lastKnownFileType = wrapper.framework; name = FIRAnalyticsConnector.framework; path = Carthage/Build/iOS/FIRAnalyticsConnector.framework; sourceTree = "<group>"; };
		BF97245F24CD24AC0033BB50 /* nanopb.framework */ = {isa = PBXFileReference; lastKnownFileType = wrapper.framework; name = nanopb.framework; path = Carthage/Build/iOS/nanopb.framework; sourceTree = "<group>"; };
		BF97246024CD24AC0033BB50 /* GoogleDataTransport.framework */ = {isa = PBXFileReference; lastKnownFileType = wrapper.framework; name = GoogleDataTransport.framework; path = Carthage/Build/iOS/GoogleDataTransport.framework; sourceTree = "<group>"; };
		BF97246124CD24AC0033BB50 /* FirebaseAnalytics.framework */ = {isa = PBXFileReference; lastKnownFileType = wrapper.framework; name = FirebaseAnalytics.framework; path = Carthage/Build/iOS/FirebaseAnalytics.framework; sourceTree = "<group>"; };
		BF97246224CD24AC0033BB50 /* gRPC-C++.framework */ = {isa = PBXFileReference; lastKnownFileType = wrapper.framework; name = "gRPC-C++.framework"; path = "Carthage/Build/iOS/gRPC-C++.framework"; sourceTree = "<group>"; };
		BF97246324CD24AC0033BB50 /* PromisesObjC.framework */ = {isa = PBXFileReference; lastKnownFileType = wrapper.framework; name = PromisesObjC.framework; path = Carthage/Build/iOS/PromisesObjC.framework; sourceTree = "<group>"; };
		BF97246424CD24AD0033BB50 /* abseil.framework */ = {isa = PBXFileReference; lastKnownFileType = wrapper.framework; name = abseil.framework; path = Carthage/Build/iOS/abseil.framework; sourceTree = "<group>"; };
		BF97246524CD24AD0033BB50 /* CropViewController.framework */ = {isa = PBXFileReference; lastKnownFileType = wrapper.framework; name = CropViewController.framework; path = Carthage/Build/iOS/CropViewController.framework; sourceTree = "<group>"; };
		BF97246624CD24AD0033BB50 /* FirebaseCoreDiagnostics.framework */ = {isa = PBXFileReference; lastKnownFileType = wrapper.framework; name = FirebaseCoreDiagnostics.framework; path = Carthage/Build/iOS/FirebaseCoreDiagnostics.framework; sourceTree = "<group>"; };
		BF97246724CD24AD0033BB50 /* Firebase.framework */ = {isa = PBXFileReference; lastKnownFileType = wrapper.framework; name = Firebase.framework; path = Carthage/Build/iOS/Firebase.framework; sourceTree = "<group>"; };
		BF97246824CD24AD0033BB50 /* GoogleAppMeasurement.framework */ = {isa = PBXFileReference; lastKnownFileType = wrapper.framework; name = GoogleAppMeasurement.framework; path = Carthage/Build/iOS/GoogleAppMeasurement.framework; sourceTree = "<group>"; };
		BF97246924CD24AD0033BB50 /* FirebaseInstallations.framework */ = {isa = PBXFileReference; lastKnownFileType = wrapper.framework; name = FirebaseInstallations.framework; path = Carthage/Build/iOS/FirebaseInstallations.framework; sourceTree = "<group>"; };
		BF97246A24CD24AD0033BB50 /* GTMSessionFetcher.framework */ = {isa = PBXFileReference; lastKnownFileType = wrapper.framework; name = GTMSessionFetcher.framework; path = Carthage/Build/iOS/GTMSessionFetcher.framework; sourceTree = "<group>"; };
		BF97246B24CD24AD0033BB50 /* GoogleUtilities.framework */ = {isa = PBXFileReference; lastKnownFileType = wrapper.framework; name = GoogleUtilities.framework; path = Carthage/Build/iOS/GoogleUtilities.framework; sourceTree = "<group>"; };
		BF97246C24CD24AD0033BB50 /* gRPC-Core.framework */ = {isa = PBXFileReference; lastKnownFileType = wrapper.framework; name = "gRPC-Core.framework"; path = "Carthage/Build/iOS/gRPC-Core.framework"; sourceTree = "<group>"; };
		BF97249B24CD27010033BB50 /* GoogleService-Info.plist */ = {isa = PBXFileReference; fileEncoding = 4; lastKnownFileType = text.plist.xml; path = "GoogleService-Info.plist"; sourceTree = "<group>"; };
		BF9724A224CD2B180033BB50 /* StoreKit.framework */ = {isa = PBXFileReference; lastKnownFileType = wrapper.framework; name = StoreKit.framework; path = System/Library/Frameworks/StoreKit.framework; sourceTree = SDKROOT; };
		BF9724A424CD2BA70033BB50 /* libc++.tbd */ = {isa = PBXFileReference; lastKnownFileType = "sourcecode.text-based-dylib-definition"; name = "libc++.tbd"; path = "usr/lib/libc++.tbd"; sourceTree = SDKROOT; };
		BF9724A524CD2BCC0033BB50 /* libsqlite3.tbd */ = {isa = PBXFileReference; lastKnownFileType = "sourcecode.text-based-dylib-definition"; name = libsqlite3.tbd; path = usr/lib/libsqlite3.tbd; sourceTree = SDKROOT; };
		BF9724A624CD2BDF0033BB50 /* libz.tbd */ = {isa = PBXFileReference; lastKnownFileType = "sourcecode.text-based-dylib-definition"; name = libz.tbd; path = usr/lib/libz.tbd; sourceTree = SDKROOT; };
		BFD435D324CD333C00B2E580 /* ExplicitNull.swift */ = {isa = PBXFileReference; fileEncoding = 4; lastKnownFileType = sourcecode.swift; path = ExplicitNull.swift; sourceTree = "<group>"; };
		BFD435D424CD333C00B2E580 /* CollectionReference+WriteEncodable.swift */ = {isa = PBXFileReference; fileEncoding = 4; lastKnownFileType = sourcecode.swift; path = "CollectionReference+WriteEncodable.swift"; sourceTree = "<group>"; };
		BFD435D524CD333C00B2E580 /* CodablePassThroughTypes.swift */ = {isa = PBXFileReference; fileEncoding = 4; lastKnownFileType = sourcecode.swift; path = CodablePassThroughTypes.swift; sourceTree = "<group>"; };
		BFD435D624CD333C00B2E580 /* CodableErrors.swift */ = {isa = PBXFileReference; fileEncoding = 4; lastKnownFileType = sourcecode.swift; path = CodableErrors.swift; sourceTree = "<group>"; };
		BFD435D724CD333C00B2E580 /* FieldValue+Encodable.swift */ = {isa = PBXFileReference; fileEncoding = 4; lastKnownFileType = sourcecode.swift; path = "FieldValue+Encodable.swift"; sourceTree = "<group>"; };
		BFD435D824CD333C00B2E580 /* DocumentReference+Codable.swift */ = {isa = PBXFileReference; fileEncoding = 4; lastKnownFileType = sourcecode.swift; path = "DocumentReference+Codable.swift"; sourceTree = "<group>"; };
		BFD435D924CD333C00B2E580 /* Timestamp+Codable.swift */ = {isa = PBXFileReference; fileEncoding = 4; lastKnownFileType = sourcecode.swift; path = "Timestamp+Codable.swift"; sourceTree = "<group>"; };
		BFD435DA24CD333D00B2E580 /* WriteBatch+WriteEncodable.swift */ = {isa = PBXFileReference; fileEncoding = 4; lastKnownFileType = sourcecode.swift; path = "WriteBatch+WriteEncodable.swift"; sourceTree = "<group>"; };
		BFD435DB24CD333D00B2E580 /* Transaction+WriteEncodable.swift */ = {isa = PBXFileReference; fileEncoding = 4; lastKnownFileType = sourcecode.swift; path = "Transaction+WriteEncodable.swift"; sourceTree = "<group>"; };
		BFD435DC24CD333D00B2E580 /* ServerTimestamp.swift */ = {isa = PBXFileReference; fileEncoding = 4; lastKnownFileType = sourcecode.swift; path = ServerTimestamp.swift; sourceTree = "<group>"; };
		BFD435DD24CD333D00B2E580 /* DocumentSnapshot+ReadDecodable.swift */ = {isa = PBXFileReference; fileEncoding = 4; lastKnownFileType = sourcecode.swift; path = "DocumentSnapshot+ReadDecodable.swift"; sourceTree = "<group>"; };
		BFD435DE24CD333D00B2E580 /* DocumentID.swift */ = {isa = PBXFileReference; fileEncoding = 4; lastKnownFileType = sourcecode.swift; path = DocumentID.swift; sourceTree = "<group>"; };
		BFD435DF24CD333D00B2E580 /* DocumentReference+WriteEncodable.swift */ = {isa = PBXFileReference; fileEncoding = 4; lastKnownFileType = sourcecode.swift; path = "DocumentReference+WriteEncodable.swift"; sourceTree = "<group>"; };
		BFD435E024CD333D00B2E580 /* GeoPoint+Codable.swift */ = {isa = PBXFileReference; fileEncoding = 4; lastKnownFileType = sourcecode.swift; path = "GeoPoint+Codable.swift"; sourceTree = "<group>"; };
		BFD435EF24CD346D00B2E580 /* FirestoreDecoder.swift */ = {isa = PBXFileReference; fileEncoding = 4; lastKnownFileType = sourcecode.swift; path = FirestoreDecoder.swift; sourceTree = "<group>"; };
		BFD435F024CD346D00B2E580 /* FirestoreEncoder.swift */ = {isa = PBXFileReference; fileEncoding = 4; lastKnownFileType = sourcecode.swift; path = FirestoreEncoder.swift; sourceTree = "<group>"; };
		BFD435F324CD36F900B2E580 /* ExUIImageView.swift */ = {isa = PBXFileReference; lastKnownFileType = sourcecode.swift; path = ExUIImageView.swift; sourceTree = "<group>"; };
		BFD435F524CD425B00B2E580 /* DZNEmptyDataSet.framework */ = {isa = PBXFileReference; lastKnownFileType = wrapper.framework; name = DZNEmptyDataSet.framework; path = Carthage/Build/iOS/DZNEmptyDataSet.framework; sourceTree = "<group>"; };
		BFD435F624CD425B00B2E580 /* SCLAlertView.framework */ = {isa = PBXFileReference; lastKnownFileType = wrapper.framework; name = SCLAlertView.framework; path = Carthage/Build/iOS/SCLAlertView.framework; sourceTree = "<group>"; };
		BFD435FC24CD449F00B2E580 /* CreateNewGroupViewBuilder.swift */ = {isa = PBXFileReference; lastKnownFileType = sourcecode.swift; path = CreateNewGroupViewBuilder.swift; sourceTree = "<group>"; };
		BFD435FE24CD44A400B2E580 /* CreateNewGroupViewController.swift */ = {isa = PBXFileReference; lastKnownFileType = sourcecode.swift; path = CreateNewGroupViewController.swift; sourceTree = "<group>"; };
		BFD4360024CD44A900B2E580 /* CreateNewGroupViewPresenter.swift */ = {isa = PBXFileReference; lastKnownFileType = sourcecode.swift; path = CreateNewGroupViewPresenter.swift; sourceTree = "<group>"; };
		BFD4360224CD44AE00B2E580 /* CreateNewGroupViewModel.swift */ = {isa = PBXFileReference; lastKnownFileType = sourcecode.swift; path = CreateNewGroupViewModel.swift; sourceTree = "<group>"; };
		BFD4360424CD450200B2E580 /* CreateNewGroup.storyboard */ = {isa = PBXFileReference; lastKnownFileType = file.storyboard; path = CreateNewGroup.storyboard; sourceTree = "<group>"; };
		BFD4360C24CD49E200B2E580 /* SearchUserTableviewCell.swift */ = {isa = PBXFileReference; lastKnownFileType = sourcecode.swift; path = SearchUserTableviewCell.swift; sourceTree = "<group>"; };
		BFD4360E24CD4A0900B2E580 /* SelectedUserCollectionViewCell.swift */ = {isa = PBXFileReference; lastKnownFileType = sourcecode.swift; path = SelectedUserCollectionViewCell.swift; sourceTree = "<group>"; };
		BFD4361124CD4BBC00B2E580 /* User.swift */ = {isa = PBXFileReference; lastKnownFileType = sourcecode.swift; path = User.swift; sourceTree = "<group>"; };
		BFD4361424CD4F5300B2E580 /* CreateNewGroupInfoViewBuilder.swift */ = {isa = PBXFileReference; lastKnownFileType = sourcecode.swift; path = CreateNewGroupInfoViewBuilder.swift; sourceTree = "<group>"; };
		BFD4361624CD4F5B00B2E580 /* CreateNewGroupInfoViewController.swift */ = {isa = PBXFileReference; lastKnownFileType = sourcecode.swift; path = CreateNewGroupInfoViewController.swift; sourceTree = "<group>"; };
		BFD4361824CD4F6100B2E580 /* CreateNewGroupInfoViewPresenter.swift */ = {isa = PBXFileReference; lastKnownFileType = sourcecode.swift; path = CreateNewGroupInfoViewPresenter.swift; sourceTree = "<group>"; };
		BFD4361A24CD4F6700B2E580 /* CreateNewGroupInfoViewModel.swift */ = {isa = PBXFileReference; lastKnownFileType = sourcecode.swift; path = CreateNewGroupInfoViewModel.swift; sourceTree = "<group>"; };
		BFD4361C24CD504800B2E580 /* CreateNewGroupInfo.storyboard */ = {isa = PBXFileReference; lastKnownFileType = file.storyboard; path = CreateNewGroupInfo.storyboard; sourceTree = "<group>"; };
		BFD4361E24CD57F500B2E580 /* SelectedUsersAndMeCollectionViewCell.swift */ = {isa = PBXFileReference; lastKnownFileType = sourcecode.swift; path = SelectedUsersAndMeCollectionViewCell.swift; sourceTree = "<group>"; };
		BFD4362024CD597700B2E580 /* ExCollectionView.swift */ = {isa = PBXFileReference; lastKnownFileType = sourcecode.swift; path = ExCollectionView.swift; sourceTree = "<group>"; };
		BFD4362224CD659600B2E580 /* Group.swift */ = {isa = PBXFileReference; lastKnownFileType = sourcecode.swift; path = Group.swift; sourceTree = "<group>"; };
		BFD4362524CDAC9600B2E580 /* RegisterUserViewBuilder.swift */ = {isa = PBXFileReference; lastKnownFileType = sourcecode.swift; path = RegisterUserViewBuilder.swift; sourceTree = "<group>"; };
		BFD4362724CDAC9D00B2E580 /* RegisterUserViewController.swift */ = {isa = PBXFileReference; lastKnownFileType = sourcecode.swift; path = RegisterUserViewController.swift; sourceTree = "<group>"; };
		BFD4362924CDACA200B2E580 /* RegisterUserViewPresenter.swift */ = {isa = PBXFileReference; lastKnownFileType = sourcecode.swift; path = RegisterUserViewPresenter.swift; sourceTree = "<group>"; };
		BFD4362B24CDACA700B2E580 /* RegisterUserViewModel.swift */ = {isa = PBXFileReference; lastKnownFileType = sourcecode.swift; path = RegisterUserViewModel.swift; sourceTree = "<group>"; };
		BFD4362D24CDAD0000B2E580 /* RegisterUser.storyboard */ = {isa = PBXFileReference; lastKnownFileType = file.storyboard; path = RegisterUser.storyboard; sourceTree = "<group>"; };
		BFD4362F24CDB1C200B2E580 /* defaultProfileImage.png */ = {isa = PBXFileReference; lastKnownFileType = image.png; path = defaultProfileImage.png; sourceTree = "<group>"; };
		BFD4363224CDC4AD00B2E580 /* .FirebaseAuthBinary.version */ = {isa = PBXFileReference; lastKnownFileType = text; path = .FirebaseAuthBinary.version; sourceTree = "<group>"; };
		BFD4363324CDC4AD00B2E580 /* .SCLAlertView-Swift.version */ = {isa = PBXFileReference; lastKnownFileType = text; path = ".SCLAlertView-Swift.version"; sourceTree = "<group>"; };
		BFD4363424CDC4AD00B2E580 /* .FirebaseStorageBinary.version */ = {isa = PBXFileReference; lastKnownFileType = text; path = .FirebaseStorageBinary.version; sourceTree = "<group>"; };
		BFD4363524CDC4AD00B2E580 /* .FirebaseFirestoreBinary.version */ = {isa = PBXFileReference; lastKnownFileType = text; path = .FirebaseFirestoreBinary.version; sourceTree = "<group>"; };
		BFD4363624CDC4AD00B2E580 /* .TOCropViewController.version */ = {isa = PBXFileReference; lastKnownFileType = text; path = .TOCropViewController.version; sourceTree = "<group>"; };
		BFD4363724CDC4AD00B2E580 /* .Nuke.version */ = {isa = PBXFileReference; lastKnownFileType = text; path = .Nuke.version; sourceTree = "<group>"; };
		BFD4363924CDC4AD00B2E580 /* gRPC-Core.framework */ = {isa = PBXFileReference; lastKnownFileType = wrapper.framework; path = "gRPC-Core.framework"; sourceTree = "<group>"; };
		BFD4363A24CDC4AD00B2E580 /* CropViewController.framework.dSYM */ = {isa = PBXFileReference; lastKnownFileType = wrapper.dsym; path = CropViewController.framework.dSYM; sourceTree = "<group>"; };
		BFD4363B24CDC4AD00B2E580 /* GoogleDataTransport.framework */ = {isa = PBXFileReference; lastKnownFileType = wrapper.framework; path = GoogleDataTransport.framework; sourceTree = "<group>"; };
		BFD4363C24CDC4AD00B2E580 /* Firebase.framework */ = {isa = PBXFileReference; lastKnownFileType = wrapper.framework; path = Firebase.framework; sourceTree = "<group>"; };
		BFD4363D24CDC4AD00B2E580 /* FirebaseFirestore.framework */ = {isa = PBXFileReference; lastKnownFileType = wrapper.framework; path = FirebaseFirestore.framework; sourceTree = "<group>"; };
		BFD4363E24CDC4AD00B2E580 /* 043D8E56-2E46-3AAC-923A-106F5705A7F1.bcsymbolmap */ = {isa = PBXFileReference; lastKnownFileType = text; path = "043D8E56-2E46-3AAC-923A-106F5705A7F1.bcsymbolmap"; sourceTree = "<group>"; };
		BFD4363F24CDC4AD00B2E580 /* GoogleAppMeasurement.framework */ = {isa = PBXFileReference; lastKnownFileType = wrapper.framework; path = GoogleAppMeasurement.framework; sourceTree = "<group>"; };
		BFD4364024CDC4AD00B2E580 /* GTMSessionFetcher.framework */ = {isa = PBXFileReference; lastKnownFileType = wrapper.framework; path = GTMSessionFetcher.framework; sourceTree = "<group>"; };
		BFD4364124CDC4AD00B2E580 /* Nuke.framework.dSYM */ = {isa = PBXFileReference; lastKnownFileType = wrapper.dsym; path = Nuke.framework.dSYM; sourceTree = "<group>"; };
		BFD4364224CDC4AD00B2E580 /* FirebaseCore.framework */ = {isa = PBXFileReference; lastKnownFileType = wrapper.framework; path = FirebaseCore.framework; sourceTree = "<group>"; };
		BFD4364324CDC4AD00B2E580 /* FirebaseAnalytics.framework */ = {isa = PBXFileReference; lastKnownFileType = wrapper.framework; path = FirebaseAnalytics.framework; sourceTree = "<group>"; };
		BFD4364424CDC4AD00B2E580 /* GoogleUtilities.framework */ = {isa = PBXFileReference; lastKnownFileType = wrapper.framework; path = GoogleUtilities.framework; sourceTree = "<group>"; };
		BFD4364524CDC4AD00B2E580 /* BoringSSL-GRPC.framework */ = {isa = PBXFileReference; lastKnownFileType = wrapper.framework; path = "BoringSSL-GRPC.framework"; sourceTree = "<group>"; };
		BFD4364624CDC4AD00B2E580 /* FirebaseAuth.framework */ = {isa = PBXFileReference; lastKnownFileType = wrapper.framework; path = FirebaseAuth.framework; sourceTree = "<group>"; };
		BFD4364724CDC4AD00B2E580 /* 25F6F408-5507-3218-9C48-F55CD860491B.bcsymbolmap */ = {isa = PBXFileReference; lastKnownFileType = text; path = "25F6F408-5507-3218-9C48-F55CD860491B.bcsymbolmap"; sourceTree = "<group>"; };
		BFD4364824CDC4AD00B2E580 /* 29DB8B1D-1804-35D8-9CDE-9AAAB3EC7491.bcsymbolmap */ = {isa = PBXFileReference; lastKnownFileType = text; path = "29DB8B1D-1804-35D8-9CDE-9AAAB3EC7491.bcsymbolmap"; sourceTree = "<group>"; };
		BFD4364924CDC4AD00B2E580 /* TOCropViewController.framework.dSYM */ = {isa = PBXFileReference; lastKnownFileType = wrapper.dsym; path = TOCropViewController.framework.dSYM; sourceTree = "<group>"; };
		BFD4364A24CDC4AD00B2E580 /* PromisesObjC.framework */ = {isa = PBXFileReference; lastKnownFileType = wrapper.framework; path = PromisesObjC.framework; sourceTree = "<group>"; };
		BFD4364B24CDC4AD00B2E580 /* A40B2E55-8273-3871-88AC-FCE033493F88.bcsymbolmap */ = {isa = PBXFileReference; lastKnownFileType = text; path = "A40B2E55-8273-3871-88AC-FCE033493F88.bcsymbolmap"; sourceTree = "<group>"; };
		BFD4364C24CDC4AD00B2E580 /* CropViewController.framework */ = {isa = PBXFileReference; lastKnownFileType = wrapper.framework; path = CropViewController.framework; sourceTree = "<group>"; };
		BFD4364D24CDC4AD00B2E580 /* nanopb.framework */ = {isa = PBXFileReference; lastKnownFileType = wrapper.framework; path = nanopb.framework; sourceTree = "<group>"; };
		BFD4364E24CDC4AD00B2E580 /* leveldb-library.framework */ = {isa = PBXFileReference; lastKnownFileType = wrapper.framework; path = "leveldb-library.framework"; sourceTree = "<group>"; };
		BFD4364F24CDC4AD00B2E580 /* 7D7313CB-4EAA-35E5-8BA3-32438AFA7537.bcsymbolmap */ = {isa = PBXFileReference; lastKnownFileType = text; path = "7D7313CB-4EAA-35E5-8BA3-32438AFA7537.bcsymbolmap"; sourceTree = "<group>"; };
		BFD4365024CDC4AD00B2E580 /* 932E7AF2-3CCF-3D24-B0FE-C7A265739D12.bcsymbolmap */ = {isa = PBXFileReference; lastKnownFileType = text; path = "932E7AF2-3CCF-3D24-B0FE-C7A265739D12.bcsymbolmap"; sourceTree = "<group>"; };
		BFD4365124CDC4AD00B2E580 /* abseil.framework */ = {isa = PBXFileReference; lastKnownFileType = wrapper.framework; path = abseil.framework; sourceTree = "<group>"; };
		BFD4365224CDC4AD00B2E580 /* DZNEmptyDataSet.framework */ = {isa = PBXFileReference; lastKnownFileType = wrapper.framework; path = DZNEmptyDataSet.framework; sourceTree = "<group>"; };
		BFD4365324CDC4AD00B2E580 /* gRPC-C++.framework */ = {isa = PBXFileReference; lastKnownFileType = wrapper.framework; path = "gRPC-C++.framework"; sourceTree = "<group>"; };
		BFD4365424CDC4AD00B2E580 /* SCLAlertView.framework.dSYM */ = {isa = PBXFileReference; lastKnownFileType = wrapper.dsym; path = SCLAlertView.framework.dSYM; sourceTree = "<group>"; };
		BFD4365524CDC4AD00B2E580 /* FirebaseInstallations.framework */ = {isa = PBXFileReference; lastKnownFileType = wrapper.framework; path = FirebaseInstallations.framework; sourceTree = "<group>"; };
		BFD4365624CDC4AD00B2E580 /* DZNEmptyDataSet.framework.dSYM */ = {isa = PBXFileReference; lastKnownFileType = wrapper.dsym; path = DZNEmptyDataSet.framework.dSYM; sourceTree = "<group>"; };
		BFD4365724CDC4AD00B2E580 /* TOCropViewController.framework */ = {isa = PBXFileReference; lastKnownFileType = wrapper.framework; path = TOCropViewController.framework; sourceTree = "<group>"; };
		BFD4365824CDC4AD00B2E580 /* 83079AC3-3804-32EF-BB10-08AB249DC338.bcsymbolmap */ = {isa = PBXFileReference; lastKnownFileType = text; path = "83079AC3-3804-32EF-BB10-08AB249DC338.bcsymbolmap"; sourceTree = "<group>"; };
		BFD4365924CDC4AD00B2E580 /* FIRAnalyticsConnector.framework */ = {isa = PBXFileReference; lastKnownFileType = wrapper.framework; path = FIRAnalyticsConnector.framework; sourceTree = "<group>"; };
		BFD4365A24CDC4AD00B2E580 /* FirebaseStorage.framework */ = {isa = PBXFileReference; lastKnownFileType = wrapper.framework; path = FirebaseStorage.framework; sourceTree = "<group>"; };
		BFD4365B24CDC4AD00B2E580 /* DC4AA802-2130-3CC8-9E53-B7A7B3D35BFD.bcsymbolmap */ = {isa = PBXFileReference; lastKnownFileType = text; path = "DC4AA802-2130-3CC8-9E53-B7A7B3D35BFD.bcsymbolmap"; sourceTree = "<group>"; };
		BFD4365C24CDC4AD00B2E580 /* 021D6A3C-A4C0-3B2A-9D0F-35CEBCD0D13D.bcsymbolmap */ = {isa = PBXFileReference; lastKnownFileType = text; path = "021D6A3C-A4C0-3B2A-9D0F-35CEBCD0D13D.bcsymbolmap"; sourceTree = "<group>"; };
		BFD4365D24CDC4AD00B2E580 /* Nuke.framework */ = {isa = PBXFileReference; lastKnownFileType = wrapper.framework; path = Nuke.framework; sourceTree = "<group>"; };
		BFD4365E24CDC4AD00B2E580 /* FirebaseCoreDiagnostics.framework */ = {isa = PBXFileReference; lastKnownFileType = wrapper.framework; path = FirebaseCoreDiagnostics.framework; sourceTree = "<group>"; };
		BFD4365F24CDC4AD00B2E580 /* SCLAlertView.framework */ = {isa = PBXFileReference; lastKnownFileType = wrapper.framework; path = SCLAlertView.framework; sourceTree = "<group>"; };
		BFD4366024CDC4AD00B2E580 /* .DZNEmptyDataSet.version */ = {isa = PBXFileReference; lastKnownFileType = text; path = .DZNEmptyDataSet.version; sourceTree = "<group>"; };
		BFD4366124CDC4AE00B2E580 /* .FirebaseAnalyticsBinary.version */ = {isa = PBXFileReference; lastKnownFileType = text; path = .FirebaseAnalyticsBinary.version; sourceTree = "<group>"; };
/* End PBXFileReference section */

/* Begin PBXFrameworksBuildPhase section */
		BF88D48B24CAA83300607D6A /* Frameworks */ = {
			isa = PBXFrameworksBuildPhase;
			buildActionMask = 2147483647;
			files = (
				BF9724A924CD2CB60033BB50 /* libz.tbd in Frameworks */,
				BF9724A824CD2CAD0033BB50 /* libsqlite3.tbd in Frameworks */,
				BF9724A724CD2C930033BB50 /* libc++.tbd in Frameworks */,
				BFD435F724CD425B00B2E580 /* DZNEmptyDataSet.framework in Frameworks */,
				BF97247324CD24AD0033BB50 /* FirebaseCore.framework in Frameworks */,
				BF97248D24CD24B00033BB50 /* GoogleAppMeasurement.framework in Frameworks */,
				BF97249524CD24B10033BB50 /* gRPC-Core.framework in Frameworks */,
				BF97248124CD24AE0033BB50 /* gRPC-C++.framework in Frameworks */,
				BF97248324CD24AE0033BB50 /* PromisesObjC.framework in Frameworks */,
				BFD4366224CDC4B800B2E580 /* Nuke.framework in Frameworks */,
				BF97246D24CD24AD0033BB50 /* leveldb-library.framework in Frameworks */,
				BF97248F24CD24B00033BB50 /* FirebaseInstallations.framework in Frameworks */,
				BF97247B24CD24AE0033BB50 /* nanopb.framework in Frameworks */,
				BF97247124CD24AD0033BB50 /* BoringSSL-GRPC.framework in Frameworks */,
				BF97247F24CD24AE0033BB50 /* FirebaseAnalytics.framework in Frameworks */,
				BF97247724CD24AD0033BB50 /* FirebaseAuth.framework in Frameworks */,
				BF97247924CD24AE0033BB50 /* FIRAnalyticsConnector.framework in Frameworks */,
				BF97247D24CD24AE0033BB50 /* GoogleDataTransport.framework in Frameworks */,
				BFD435F924CD425C00B2E580 /* SCLAlertView.framework in Frameworks */,
				BF97247524CD24AD0033BB50 /* FirebaseStorage.framework in Frameworks */,
				BF9724A324CD2B180033BB50 /* StoreKit.framework in Frameworks */,
				BF97248924CD24AF0033BB50 /* FirebaseCoreDiagnostics.framework in Frameworks */,
				BFD435CF24CD2EBC00B2E580 /* CropViewController.framework in Frameworks */,
				BF97249124CD24B00033BB50 /* GTMSessionFetcher.framework in Frameworks */,
				BF97248524CD24AF0033BB50 /* abseil.framework in Frameworks */,
				BF97246F24CD24AD0033BB50 /* FirebaseFirestore.framework in Frameworks */,
				BF97249324CD24B10033BB50 /* GoogleUtilities.framework in Frameworks */,
			);
			runOnlyForDeploymentPostprocessing = 0;
		};
		BF88D4A124CAA83600607D6A /* Frameworks */ = {
			isa = PBXFrameworksBuildPhase;
			buildActionMask = 2147483647;
			files = (
			);
			runOnlyForDeploymentPostprocessing = 0;
		};
		BF88D4AC24CAA83600607D6A /* Frameworks */ = {
			isa = PBXFrameworksBuildPhase;
			buildActionMask = 2147483647;
			files = (
			);
			runOnlyForDeploymentPostprocessing = 0;
		};
/* End PBXFrameworksBuildPhase section */

/* Begin PBXGroup section */
		BF88D48524CAA83300607D6A = {
			isa = PBXGroup;
			children = (
				BF88D49024CAA83300607D6A /* ShareTodo */,
				BF88D4A724CAA83600607D6A /* ShareTodoTests */,
				BF88D4B224CAA83600607D6A /* ShareTodoUITests */,
				BF88D48F24CAA83300607D6A /* Products */,
				BF97245724CD24AC0033BB50 /* Frameworks */,
			);
			sourceTree = "<group>";
		};
		BF88D48F24CAA83300607D6A /* Products */ = {
			isa = PBXGroup;
			children = (
				BF88D48E24CAA83300607D6A /* ShareTodo.app */,
				BF88D4A424CAA83600607D6A /* ShareTodoTests.xctest */,
				BF88D4AF24CAA83600607D6A /* ShareTodoUITests.xctest */,
			);
			name = Products;
			sourceTree = "<group>";
		};
		BF88D49024CAA83300607D6A /* ShareTodo */ = {
			isa = PBXGroup;
			children = (
				BF88D4C324CAA8ED00607D6A /* App */,
				BF88D4C224CAA8EA00607D6A /* Extentions */,
				BF88D4C124CAA8E800607D6A /* Resources */,
				BFD4361024CD4BAF00B2E580 /* Model */,
				BFD435D224CD312000B2E580 /* FirebaseFirestoreSwift */,
				BF88D4C624CAA93500607D6A /* Views */,
			);
			path = ShareTodo;
			sourceTree = "<group>";
		};
		BF88D4A724CAA83600607D6A /* ShareTodoTests */ = {
			isa = PBXGroup;
			children = (
				BF88D4A824CAA83600607D6A /* ShareTodoTests.swift */,
				BF88D4AA24CAA83600607D6A /* Info.plist */,
			);
			path = ShareTodoTests;
			sourceTree = "<group>";
		};
		BF88D4B224CAA83600607D6A /* ShareTodoUITests */ = {
			isa = PBXGroup;
			children = (
				BF88D4B324CAA83600607D6A /* ShareTodoUITests.swift */,
				BF88D4B524CAA83600607D6A /* Info.plist */,
			);
			path = ShareTodoUITests;
			sourceTree = "<group>";
		};
		BF88D4C124CAA8E800607D6A /* Resources */ = {
			isa = PBXGroup;
			children = (
				BF88D4C924CAA99B00607D6A /* GoogleInfo */,
				BF88D4C824CAA99900607D6A /* Info */,
			);
			path = Resources;
			sourceTree = "<group>";
		};
		BF88D4C224CAA8EA00607D6A /* Extentions */ = {
			isa = PBXGroup;
			children = (
				BF88D4C524CAA90E00607D6A /* UI */,
				BF88D4C424CAA90900607D6A /* Utility */,
			);
			path = Extentions;
			sourceTree = "<group>";
		};
		BF88D4C324CAA8ED00607D6A /* App */ = {
			isa = PBXGroup;
			children = (
				BF88D4CD24CAAA0B00607D6A /* Routes.swift */,
				BF88D49124CAA83300607D6A /* AppDelegate.swift */,
				BF88D49324CAA83300607D6A /* SceneDelegate.swift */,
			);
			path = App;
			sourceTree = "<group>";
		};
		BF88D4C424CAA90900607D6A /* Utility */ = {
			isa = PBXGroup;
			children = (
				BF88D4DD24CAAB6600607D6A /* ExString.swift */,
			);
			path = Utility;
			sourceTree = "<group>";
		};
		BF88D4C524CAA90E00607D6A /* UI */ = {
			isa = PBXGroup;
			children = (
				BF88D4D924CAAB3F00607D6A /* ExUIViewController.swift */,
				BF88D4DB24CAAB5100607D6A /* ExUIView.swift */,
				BF97245524CC75D70033BB50 /* ExTextField.swift */,
				BFD435F324CD36F900B2E580 /* ExUIImageView.swift */,
				BFD4362024CD597700B2E580 /* ExCollectionView.swift */,
			);
			path = UI;
			sourceTree = "<group>";
		};
		BF88D4C624CAA93500607D6A /* Views */ = {
			isa = PBXGroup;
			children = (
				BFD4362424CDAC7F00B2E580 /* RegisterUser */,
				BFD4361324CD4F3800B2E580 /* CreateNewGroupInfo */,
				BFD435FB24CD448300B2E580 /* CreateNewGroup */,
				BF97244A24CC6AF10033BB50 /* EditProfile */,
				BF88D50D24CABC2800607D6A /* Profile */,
				BF88D4F624CAB97C00607D6A /* TodayTodo */,
				BF88D4EB24CAB86300607D6A /* GroupTodo */,
				BF88D4E024CAB65D00607D6A /* MainTabBarController */,
				BF88D4C724CAA97A00607D6A /* Sample */,
				BF88D4CA24CAA9C000607D6A /* Storyboards */,
			);
			path = Views;
			sourceTree = "<group>";
		};
		BF88D4C724CAA97A00607D6A /* Sample */ = {
			isa = PBXGroup;
			children = (
				BF88D4D124CAAA9300607D6A /* SampleViewBuilder.swift */,
				BF88D4CF24CAAA8D00607D6A /* SampleViewController.swift */,
				BF88D4D324CAAAA000607D6A /* SampleViewPresenter.swift */,
				BF88D4D524CAAAB200607D6A /* SampleViewModel.swift */,
			);
			path = Sample;
			sourceTree = "<group>";
		};
		BF88D4C824CAA99900607D6A /* Info */ = {
			isa = PBXGroup;
			children = (
				BF88D49F24CAA83600607D6A /* Info.plist */,
			);
			path = Info;
			sourceTree = "<group>";
		};
		BF88D4C924CAA99B00607D6A /* GoogleInfo */ = {
			isa = PBXGroup;
			children = (
				BF97249B24CD27010033BB50 /* GoogleService-Info.plist */,
			);
			path = GoogleInfo;
			sourceTree = "<group>";
		};
		BF88D4CA24CAA9C000607D6A /* Storyboards */ = {
			isa = PBXGroup;
			children = (
				BF88D4D724CAAB1100607D6A /* Sample.storyboard */,
				BF88D4E924CAB76700607D6A /* MainTabBar.storyboard */,
				BF88D4F424CAB8F300607D6A /* GroupTodo.storyboard */,
				BF88D4FF24CAB9F000607D6A /* TodayTodo.storyboard */,
				BF88D51624CABD1000607D6A /* Profile.storyboard */,
				BF97245324CC6BD80033BB50 /* EditProfile.storyboard */,
				BFD4360424CD450200B2E580 /* CreateNewGroup.storyboard */,
				BFD4361C24CD504800B2E580 /* CreateNewGroupInfo.storyboard */,
				BFD4362D24CDAD0000B2E580 /* RegisterUser.storyboard */,
			);
			path = Storyboards;
			sourceTree = "<group>";
		};
		BF88D4E024CAB65D00607D6A /* MainTabBarController */ = {
			isa = PBXGroup;
			children = (
				BF88D4E724CAB6AA00607D6A /* MainTabBarBuilder.swift */,
				BF88D4E124CAB67C00607D6A /* MainTabBarViewController.swift */,
				BF88D4E524CAB6A200607D6A /* MainTabBarPresenter.swift */,
				BF88D4E324CAB69C00607D6A /* MainTabBarModel.swift */,
			);
			path = MainTabBarController;
			sourceTree = "<group>";
		};
		BF88D4EB24CAB86300607D6A /* GroupTodo */ = {
			isa = PBXGroup;
			children = (
				BF88D4EC24CAB88500607D6A /* GroupTodoViewBuilder.swift */,
				BF88D4EE24CAB88A00607D6A /* GroupTodoViewController.swift */,
				BF88D4F024CAB89000607D6A /* GroupTodoViewPresenter.swift */,
				BF88D4F224CAB89500607D6A /* GroupTodoViewModel.swift */,
				BF88D51824CAC4D600607D6A /* GroupTableViewCell.swift */,
			);
			path = GroupTodo;
			sourceTree = "<group>";
		};
		BF88D4F624CAB97C00607D6A /* TodayTodo */ = {
			isa = PBXGroup;
			children = (
				BF88D4F724CAB99500607D6A /* TodayTodoViewbuilder.swift */,
				BF88D4F924CAB99C00607D6A /* TodayTodoViewController.swift */,
				BF88D4FB24CAB9A100607D6A /* TodayTodoViewPresenter.swift */,
				BF88D4FD24CAB9A600607D6A /* TodayTodoViewModel.swift */,
				BF88D51A24CACEEC00607D6A /* TodayTodoCollectionViewCell.swift */,
			);
			path = TodayTodo;
			sourceTree = "<group>";
		};
		BF88D50D24CABC2800607D6A /* Profile */ = {
			isa = PBXGroup;
			children = (
				BF88D50E24CABCB700607D6A /* ProfileViewBuilder.swift */,
				BF88D51024CABCBD00607D6A /* ProfileViewController.swift */,
				BF88D51224CABCC300607D6A /* ProfileViewPresenter.swift */,
				BF88D51424CABCC800607D6A /* ProfileViewModel.swift */,
			);
			path = Profile;
			sourceTree = "<group>";
		};
		BF97244A24CC6AF10033BB50 /* EditProfile */ = {
			isa = PBXGroup;
			children = (
				BF97244B24CC6B070033BB50 /* EditProfileViewBuilder.swift */,
				BF97244D24CC6B0D0033BB50 /* EditProfileViewController.swift */,
				BF97244F24CC6B130033BB50 /* EditProfileViewPresenter.swift */,
				BF97245124CC6B1B0033BB50 /* EditProfileViewModel.swift */,
			);
			path = EditProfile;
			sourceTree = "<group>";
		};
		BF97245724CD24AC0033BB50 /* Frameworks */ = {
			isa = PBXGroup;
			children = (
				BFD4363124CDC4AD00B2E580 /* Build */,
				BFD435F524CD425B00B2E580 /* DZNEmptyDataSet.framework */,
				BFD435F624CD425B00B2E580 /* SCLAlertView.framework */,
				BF9724A624CD2BDF0033BB50 /* libz.tbd */,
				BF9724A524CD2BCC0033BB50 /* libsqlite3.tbd */,
				BF9724A424CD2BA70033BB50 /* libc++.tbd */,
				BF9724A224CD2B180033BB50 /* StoreKit.framework */,
				BF97246424CD24AD0033BB50 /* abseil.framework */,
				BF97245A24CD24AC0033BB50 /* BoringSSL-GRPC.framework */,
				BF97246524CD24AD0033BB50 /* CropViewController.framework */,
				BF97245E24CD24AC0033BB50 /* FIRAnalyticsConnector.framework */,
				BF97246724CD24AD0033BB50 /* Firebase.framework */,
				BF97246124CD24AC0033BB50 /* FirebaseAnalytics.framework */,
				BF97245D24CD24AC0033BB50 /* FirebaseAuth.framework */,
				BF97245B24CD24AC0033BB50 /* FirebaseCore.framework */,
				BF97246624CD24AD0033BB50 /* FirebaseCoreDiagnostics.framework */,
				BF97245924CD24AC0033BB50 /* FirebaseFirestore.framework */,
				BF97246924CD24AD0033BB50 /* FirebaseInstallations.framework */,
				BF97245C24CD24AC0033BB50 /* FirebaseStorage.framework */,
				BF97246824CD24AD0033BB50 /* GoogleAppMeasurement.framework */,
				BF97246024CD24AC0033BB50 /* GoogleDataTransport.framework */,
				BF97246B24CD24AD0033BB50 /* GoogleUtilities.framework */,
				BF97246224CD24AC0033BB50 /* gRPC-C++.framework */,
				BF97246C24CD24AD0033BB50 /* gRPC-Core.framework */,
				BF97246A24CD24AD0033BB50 /* GTMSessionFetcher.framework */,
				BF97245824CD24AC0033BB50 /* leveldb-library.framework */,
				BF97245F24CD24AC0033BB50 /* nanopb.framework */,
				BF97246324CD24AC0033BB50 /* PromisesObjC.framework */,
			);
			name = Frameworks;
			sourceTree = "<group>";
		};
		BFD435D224CD312000B2E580 /* FirebaseFirestoreSwift */ = {
			isa = PBXGroup;
			children = (
				BFD435EF24CD346D00B2E580 /* FirestoreDecoder.swift */,
				BFD435F024CD346D00B2E580 /* FirestoreEncoder.swift */,
				BFD435D624CD333C00B2E580 /* CodableErrors.swift */,
				BFD435D524CD333C00B2E580 /* CodablePassThroughTypes.swift */,
				BFD435D424CD333C00B2E580 /* CollectionReference+WriteEncodable.swift */,
				BFD435DE24CD333D00B2E580 /* DocumentID.swift */,
				BFD435D824CD333C00B2E580 /* DocumentReference+Codable.swift */,
				BFD435DF24CD333D00B2E580 /* DocumentReference+WriteEncodable.swift */,
				BFD435DD24CD333D00B2E580 /* DocumentSnapshot+ReadDecodable.swift */,
				BFD435D324CD333C00B2E580 /* ExplicitNull.swift */,
				BFD435D724CD333C00B2E580 /* FieldValue+Encodable.swift */,
				BFD435E024CD333D00B2E580 /* GeoPoint+Codable.swift */,
				BFD435DC24CD333D00B2E580 /* ServerTimestamp.swift */,
				BFD435D924CD333C00B2E580 /* Timestamp+Codable.swift */,
				BFD435DB24CD333D00B2E580 /* Transaction+WriteEncodable.swift */,
				BFD435DA24CD333D00B2E580 /* WriteBatch+WriteEncodable.swift */,
			);
			path = FirebaseFirestoreSwift;
			sourceTree = "<group>";
		};
		BFD435FB24CD448300B2E580 /* CreateNewGroup */ = {
			isa = PBXGroup;
			children = (
				BFD435FC24CD449F00B2E580 /* CreateNewGroupViewBuilder.swift */,
				BFD435FE24CD44A400B2E580 /* CreateNewGroupViewController.swift */,
				BFD4360024CD44A900B2E580 /* CreateNewGroupViewPresenter.swift */,
				BFD4360224CD44AE00B2E580 /* CreateNewGroupViewModel.swift */,
				BFD4360C24CD49E200B2E580 /* SearchUserTableviewCell.swift */,
				BFD4360E24CD4A0900B2E580 /* SelectedUserCollectionViewCell.swift */,
			);
			path = CreateNewGroup;
			sourceTree = "<group>";
		};
		BFD4361024CD4BAF00B2E580 /* Model */ = {
			isa = PBXGroup;
			children = (
				BFD4361124CD4BBC00B2E580 /* User.swift */,
				BFD4362224CD659600B2E580 /* Group.swift */,
			);
			path = Model;
			sourceTree = "<group>";
		};
		BFD4361324CD4F3800B2E580 /* CreateNewGroupInfo */ = {
			isa = PBXGroup;
			children = (
				BFD4361424CD4F5300B2E580 /* CreateNewGroupInfoViewBuilder.swift */,
				BFD4361624CD4F5B00B2E580 /* CreateNewGroupInfoViewController.swift */,
				BFD4361824CD4F6100B2E580 /* CreateNewGroupInfoViewPresenter.swift */,
				BFD4361A24CD4F6700B2E580 /* CreateNewGroupInfoViewModel.swift */,
				BFD4361E24CD57F500B2E580 /* SelectedUsersAndMeCollectionViewCell.swift */,
			);
			path = CreateNewGroupInfo;
			sourceTree = "<group>";
		};
		BFD4362424CDAC7F00B2E580 /* RegisterUser */ = {
			isa = PBXGroup;
			children = (
				BFD4362524CDAC9600B2E580 /* RegisterUserViewBuilder.swift */,
				BFD4362724CDAC9D00B2E580 /* RegisterUserViewController.swift */,
				BFD4362924CDACA200B2E580 /* RegisterUserViewPresenter.swift */,
				BFD4362B24CDACA700B2E580 /* RegisterUserViewModel.swift */,
				BFD4362F24CDB1C200B2E580 /* defaultProfileImage.png */,
			);
			path = RegisterUser;
			sourceTree = "<group>";
		};
		BFD4363124CDC4AD00B2E580 /* Build */ = {
			isa = PBXGroup;
			children = (
				BFD4363224CDC4AD00B2E580 /* .FirebaseAuthBinary.version */,
				BFD4363324CDC4AD00B2E580 /* .SCLAlertView-Swift.version */,
				BFD4363424CDC4AD00B2E580 /* .FirebaseStorageBinary.version */,
				BFD4363524CDC4AD00B2E580 /* .FirebaseFirestoreBinary.version */,
				BFD4363624CDC4AD00B2E580 /* .TOCropViewController.version */,
				BFD4363724CDC4AD00B2E580 /* .Nuke.version */,
				BFD4363824CDC4AD00B2E580 /* iOS */,
				BFD4366024CDC4AD00B2E580 /* .DZNEmptyDataSet.version */,
				BFD4366124CDC4AE00B2E580 /* .FirebaseAnalyticsBinary.version */,
			);
			name = Build;
			path = Carthage/Build;
			sourceTree = "<group>";
		};
		BFD4363824CDC4AD00B2E580 /* iOS */ = {
			isa = PBXGroup;
			children = (
				BFD4363924CDC4AD00B2E580 /* gRPC-Core.framework */,
				BFD4363A24CDC4AD00B2E580 /* CropViewController.framework.dSYM */,
				BFD4363B24CDC4AD00B2E580 /* GoogleDataTransport.framework */,
				BFD4363C24CDC4AD00B2E580 /* Firebase.framework */,
				BFD4363D24CDC4AD00B2E580 /* FirebaseFirestore.framework */,
				BFD4363E24CDC4AD00B2E580 /* 043D8E56-2E46-3AAC-923A-106F5705A7F1.bcsymbolmap */,
				BFD4363F24CDC4AD00B2E580 /* GoogleAppMeasurement.framework */,
				BFD4364024CDC4AD00B2E580 /* GTMSessionFetcher.framework */,
				BFD4364124CDC4AD00B2E580 /* Nuke.framework.dSYM */,
				BFD4364224CDC4AD00B2E580 /* FirebaseCore.framework */,
				BFD4364324CDC4AD00B2E580 /* FirebaseAnalytics.framework */,
				BFD4364424CDC4AD00B2E580 /* GoogleUtilities.framework */,
				BFD4364524CDC4AD00B2E580 /* BoringSSL-GRPC.framework */,
				BFD4364624CDC4AD00B2E580 /* FirebaseAuth.framework */,
				BFD4364724CDC4AD00B2E580 /* 25F6F408-5507-3218-9C48-F55CD860491B.bcsymbolmap */,
				BFD4364824CDC4AD00B2E580 /* 29DB8B1D-1804-35D8-9CDE-9AAAB3EC7491.bcsymbolmap */,
				BFD4364924CDC4AD00B2E580 /* TOCropViewController.framework.dSYM */,
				BFD4364A24CDC4AD00B2E580 /* PromisesObjC.framework */,
				BFD4364B24CDC4AD00B2E580 /* A40B2E55-8273-3871-88AC-FCE033493F88.bcsymbolmap */,
				BFD4364C24CDC4AD00B2E580 /* CropViewController.framework */,
				BFD4364D24CDC4AD00B2E580 /* nanopb.framework */,
				BFD4364E24CDC4AD00B2E580 /* leveldb-library.framework */,
				BFD4364F24CDC4AD00B2E580 /* 7D7313CB-4EAA-35E5-8BA3-32438AFA7537.bcsymbolmap */,
				BFD4365024CDC4AD00B2E580 /* 932E7AF2-3CCF-3D24-B0FE-C7A265739D12.bcsymbolmap */,
				BFD4365124CDC4AD00B2E580 /* abseil.framework */,
				BFD4365224CDC4AD00B2E580 /* DZNEmptyDataSet.framework */,
				BFD4365324CDC4AD00B2E580 /* gRPC-C++.framework */,
				BFD4365424CDC4AD00B2E580 /* SCLAlertView.framework.dSYM */,
				BFD4365524CDC4AD00B2E580 /* FirebaseInstallations.framework */,
				BFD4365624CDC4AD00B2E580 /* DZNEmptyDataSet.framework.dSYM */,
				BFD4365724CDC4AD00B2E580 /* TOCropViewController.framework */,
				BFD4365824CDC4AD00B2E580 /* 83079AC3-3804-32EF-BB10-08AB249DC338.bcsymbolmap */,
				BFD4365924CDC4AD00B2E580 /* FIRAnalyticsConnector.framework */,
				BFD4365A24CDC4AD00B2E580 /* FirebaseStorage.framework */,
				BFD4365B24CDC4AD00B2E580 /* DC4AA802-2130-3CC8-9E53-B7A7B3D35BFD.bcsymbolmap */,
				BFD4365C24CDC4AD00B2E580 /* 021D6A3C-A4C0-3B2A-9D0F-35CEBCD0D13D.bcsymbolmap */,
				BFD4365D24CDC4AD00B2E580 /* Nuke.framework */,
				BFD4365E24CDC4AD00B2E580 /* FirebaseCoreDiagnostics.framework */,
				BFD4365F24CDC4AD00B2E580 /* SCLAlertView.framework */,
			);
			path = iOS;
			sourceTree = "<group>";
		};
/* End PBXGroup section */

/* Begin PBXNativeTarget section */
		BF88D48D24CAA83300607D6A /* ShareTodo */ = {
			isa = PBXNativeTarget;
			buildConfigurationList = BF88D4B824CAA83600607D6A /* Build configuration list for PBXNativeTarget "ShareTodo" */;
			buildPhases = (
				BF88D48A24CAA83300607D6A /* Sources */,
				BF88D48B24CAA83300607D6A /* Frameworks */,
				BF88D48C24CAA83300607D6A /* Resources */,
				BF88D4DF24CAAF6900607D6A /* SwiftLint */,
				BF97249E24CD28AF0033BB50 /* GoogleInfo */,
				BFD435CE24CD2E3800B2E580 /* Carthage */,
				BFD435D124CD2EBD00B2E580 /* Embed Frameworks */,
			);
			buildRules = (
			);
			dependencies = (
			);
			name = ShareTodo;
			productName = ShareTodo;
			productReference = BF88D48E24CAA83300607D6A /* ShareTodo.app */;
			productType = "com.apple.product-type.application";
		};
		BF88D4A324CAA83600607D6A /* ShareTodoTests */ = {
			isa = PBXNativeTarget;
			buildConfigurationList = BF88D4BB24CAA83600607D6A /* Build configuration list for PBXNativeTarget "ShareTodoTests" */;
			buildPhases = (
				BF88D4A024CAA83600607D6A /* Sources */,
				BF88D4A124CAA83600607D6A /* Frameworks */,
				BF88D4A224CAA83600607D6A /* Resources */,
			);
			buildRules = (
			);
			dependencies = (
				BF88D4A624CAA83600607D6A /* PBXTargetDependency */,
			);
			name = ShareTodoTests;
			productName = ShareTodoTests;
			productReference = BF88D4A424CAA83600607D6A /* ShareTodoTests.xctest */;
			productType = "com.apple.product-type.bundle.unit-test";
		};
		BF88D4AE24CAA83600607D6A /* ShareTodoUITests */ = {
			isa = PBXNativeTarget;
			buildConfigurationList = BF88D4BE24CAA83600607D6A /* Build configuration list for PBXNativeTarget "ShareTodoUITests" */;
			buildPhases = (
				BF88D4AB24CAA83600607D6A /* Sources */,
				BF88D4AC24CAA83600607D6A /* Frameworks */,
				BF88D4AD24CAA83600607D6A /* Resources */,
			);
			buildRules = (
			);
			dependencies = (
				BF88D4B124CAA83600607D6A /* PBXTargetDependency */,
			);
			name = ShareTodoUITests;
			productName = ShareTodoUITests;
			productReference = BF88D4AF24CAA83600607D6A /* ShareTodoUITests.xctest */;
			productType = "com.apple.product-type.bundle.ui-testing";
		};
/* End PBXNativeTarget section */

/* Begin PBXProject section */
		BF88D48624CAA83300607D6A /* Project object */ = {
			isa = PBXProject;
			attributes = {
				LastSwiftUpdateCheck = 1150;
				LastUpgradeCheck = 1150;
				ORGANIZATIONNAME = jun;
				TargetAttributes = {
					BF88D48D24CAA83300607D6A = {
						CreatedOnToolsVersion = 11.5;
					};
					BF88D4A324CAA83600607D6A = {
						CreatedOnToolsVersion = 11.5;
						TestTargetID = BF88D48D24CAA83300607D6A;
					};
					BF88D4AE24CAA83600607D6A = {
						CreatedOnToolsVersion = 11.5;
						TestTargetID = BF88D48D24CAA83300607D6A;
					};
				};
			};
			buildConfigurationList = BF88D48924CAA83300607D6A /* Build configuration list for PBXProject "ShareTodo" */;
			compatibilityVersion = "Xcode 9.3";
			developmentRegion = en;
			hasScannedForEncodings = 0;
			knownRegions = (
				en,
				Base,
			);
			mainGroup = BF88D48524CAA83300607D6A;
			productRefGroup = BF88D48F24CAA83300607D6A /* Products */;
			projectDirPath = "";
			projectRoot = "";
			targets = (
				BF88D48D24CAA83300607D6A /* ShareTodo */,
				BF88D4A324CAA83600607D6A /* ShareTodoTests */,
				BF88D4AE24CAA83600607D6A /* ShareTodoUITests */,
			);
		};
/* End PBXProject section */

/* Begin PBXResourcesBuildPhase section */
		BF88D48C24CAA83300607D6A /* Resources */ = {
			isa = PBXResourcesBuildPhase;
			buildActionMask = 2147483647;
			files = (
				BF97245424CC6BD80033BB50 /* EditProfile.storyboard in Resources */,
				BF88D4D824CAAB1100607D6A /* Sample.storyboard in Resources */,
				BFD4363024CDB1C200B2E580 /* defaultProfileImage.png in Resources */,
				BFD4362E24CDAD0000B2E580 /* RegisterUser.storyboard in Resources */,
				BF88D4EA24CAB76700607D6A /* MainTabBar.storyboard in Resources */,
				BFD4360524CD450200B2E580 /* CreateNewGroup.storyboard in Resources */,
				BFD4361D24CD504800B2E580 /* CreateNewGroupInfo.storyboard in Resources */,
				BF88D51724CABD1000607D6A /* Profile.storyboard in Resources */,
				BF88D50024CAB9F000607D6A /* TodayTodo.storyboard in Resources */,
				BF88D4F524CAB8F300607D6A /* GroupTodo.storyboard in Resources */,
				BF97249C24CD27010033BB50 /* GoogleService-Info.plist in Resources */,
			);
			runOnlyForDeploymentPostprocessing = 0;
		};
		BF88D4A224CAA83600607D6A /* Resources */ = {
			isa = PBXResourcesBuildPhase;
			buildActionMask = 2147483647;
			files = (
			);
			runOnlyForDeploymentPostprocessing = 0;
		};
		BF88D4AD24CAA83600607D6A /* Resources */ = {
			isa = PBXResourcesBuildPhase;
			buildActionMask = 2147483647;
			files = (
			);
			runOnlyForDeploymentPostprocessing = 0;
		};
/* End PBXResourcesBuildPhase section */

/* Begin PBXShellScriptBuildPhase section */
		BF88D4DF24CAAF6900607D6A /* SwiftLint */ = {
			isa = PBXShellScriptBuildPhase;
			buildActionMask = 2147483647;
			files = (
			);
			inputFileListPaths = (
			);
			inputPaths = (
			);
			name = SwiftLint;
			outputFileListPaths = (
			);
			outputPaths = (
			);
			runOnlyForDeploymentPostprocessing = 0;
			shellPath = /bin/sh;
			shellScript = "if which swiftlint >/dev/null; then\n  swiftlint\nelse\n  echo \"SwiftLint does not exist, download from https://github.com/realm/SwiftLint\"\nfi\n";
		};
		BF97249E24CD28AF0033BB50 /* GoogleInfo */ = {
			isa = PBXShellScriptBuildPhase;
			buildActionMask = 12;
			files = (
			);
			inputFileListPaths = (
			);
			inputPaths = (
			);
			name = GoogleInfo;
			outputFileListPaths = (
			);
			outputPaths = (
			);
			runOnlyForDeploymentPostprocessing = 0;
			shellPath = /bin/sh;
			shellScript = "if [ \"${CONFIGURATION}\" == \"Release\" ]; then\n  cp \"${PROJECT_DIR}/${PROJECT_NAME}/Resources/GoogleInfo/GoogleService-Info.plist\" \"${BUILT_PRODUCTS_DIR}/${PRODUCT_NAME}.app/GoogleService-Info.plist\"\nfi\nif [ \"${CONFIGURATION}\" == \"Debug\" ]; then\n  cp \"${PROJECT_DIR}/${PROJECT_NAME}/Resources/GoogleInfo/GoogleService-Info.plist\" \"${BUILT_PRODUCTS_DIR}/${PRODUCT_NAME}.app/GoogleService-Info.plist\"\nelse\n  cp \"${PROJECT_DIR}/${PROJECT_NAME}/Resources/GoogleInfo/GoogleService-Info.plist\" \"${BUILT_PRODUCTS_DIR}/${PRODUCT_NAME}.app/GoogleService-Info.plist\"\nfi\n";
		};
		BFD435CE24CD2E3800B2E580 /* Carthage */ = {
			isa = PBXShellScriptBuildPhase;
			buildActionMask = 2147483647;
			files = (
			);
			inputFileListPaths = (
			);
			inputPaths = (
			);
			name = Carthage;
			outputFileListPaths = (
			);
			outputPaths = (
			);
			runOnlyForDeploymentPostprocessing = 0;
			shellPath = /bin/sh;
			shellScript = "/usr/local/bin/carthage copy-frameworks\n";
		};
/* End PBXShellScriptBuildPhase section */

/* Begin PBXSourcesBuildPhase section */
		BF88D48A24CAA83300607D6A /* Sources */ = {
			isa = PBXSourcesBuildPhase;
			buildActionMask = 2147483647;
			files = (
				BF88D4E824CAB6AA00607D6A /* MainTabBarBuilder.swift in Sources */,
				BF88D4D224CAAA9300607D6A /* SampleViewBuilder.swift in Sources */,
				BF88D4FC24CAB9A100607D6A /* TodayTodoViewPresenter.swift in Sources */,
				BF88D49224CAA83300607D6A /* AppDelegate.swift in Sources */,
				BF97245024CC6B130033BB50 /* EditProfileViewPresenter.swift in Sources */,
				BF88D4E224CAB67C00607D6A /* MainTabBarViewController.swift in Sources */,
				BF97245624CC75D70033BB50 /* ExTextField.swift in Sources */,
				BF88D4CE24CAAA0B00607D6A /* Routes.swift in Sources */,
				BFD435E124CD333D00B2E580 /* ExplicitNull.swift in Sources */,
				BFD435E424CD333D00B2E580 /* CodableErrors.swift in Sources */,
				BF88D51124CABCBD00607D6A /* ProfileViewController.swift in Sources */,
				BF88D4F824CAB99500607D6A /* TodayTodoViewbuilder.swift in Sources */,
				BFD435ED24CD333D00B2E580 /* DocumentReference+WriteEncodable.swift in Sources */,
				BFD435E924CD333D00B2E580 /* Transaction+WriteEncodable.swift in Sources */,
				BFD4360F24CD4A0900B2E580 /* SelectedUserCollectionViewCell.swift in Sources */,
				BFD435E624CD333D00B2E580 /* DocumentReference+Codable.swift in Sources */,
				BFD435EE24CD333D00B2E580 /* GeoPoint+Codable.swift in Sources */,
				BFD435EA24CD333D00B2E580 /* ServerTimestamp.swift in Sources */,
				BF97244E24CC6B0D0033BB50 /* EditProfileViewController.swift in Sources */,
				BFD4362624CDAC9600B2E580 /* RegisterUserViewBuilder.swift in Sources */,
				BF88D50F24CABCB700607D6A /* ProfileViewBuilder.swift in Sources */,
				BF88D4D624CAAAB200607D6A /* SampleViewModel.swift in Sources */,
				BF88D51524CABCC800607D6A /* ProfileViewModel.swift in Sources */,
				BFD4361924CD4F6100B2E580 /* CreateNewGroupInfoViewPresenter.swift in Sources */,
				BFD435EC24CD333D00B2E580 /* DocumentID.swift in Sources */,
				BFD4361724CD4F5B00B2E580 /* CreateNewGroupInfoViewController.swift in Sources */,
				BFD4362124CD597700B2E580 /* ExCollectionView.swift in Sources */,
				BF88D4FE24CAB9A600607D6A /* TodayTodoViewModel.swift in Sources */,
				BFD4361B24CD4F6700B2E580 /* CreateNewGroupInfoViewModel.swift in Sources */,
				BF88D51324CABCC300607D6A /* ProfileViewPresenter.swift in Sources */,
				BFD435E724CD333D00B2E580 /* Timestamp+Codable.swift in Sources */,
				BF88D4D024CAAA8D00607D6A /* SampleViewController.swift in Sources */,
				BFD4361524CD4F5300B2E580 /* CreateNewGroupInfoViewBuilder.swift in Sources */,
				BF88D4E624CAB6A200607D6A /* MainTabBarPresenter.swift in Sources */,
				BFD4362824CDAC9D00B2E580 /* RegisterUserViewController.swift in Sources */,
				BFD435EB24CD333D00B2E580 /* DocumentSnapshot+ReadDecodable.swift in Sources */,
				BFD435FD24CD449F00B2E580 /* CreateNewGroupViewBuilder.swift in Sources */,
				BFD435E324CD333D00B2E580 /* CodablePassThroughTypes.swift in Sources */,
				BF88D4F324CAB89500607D6A /* GroupTodoViewModel.swift in Sources */,
				BF88D4E424CAB69C00607D6A /* MainTabBarModel.swift in Sources */,
				BFD4360D24CD49E200B2E580 /* SearchUserTableviewCell.swift in Sources */,
				BF88D4ED24CAB88500607D6A /* GroupTodoViewBuilder.swift in Sources */,
				BFD4360324CD44AE00B2E580 /* CreateNewGroupViewModel.swift in Sources */,
				BFD435E524CD333D00B2E580 /* FieldValue+Encodable.swift in Sources */,
				BF88D51924CAC4D600607D6A /* GroupTableViewCell.swift in Sources */,
				BF88D4EF24CAB88A00607D6A /* GroupTodoViewController.swift in Sources */,
				BF88D4DA24CAAB3F00607D6A /* ExUIViewController.swift in Sources */,
				BF88D4FA24CAB99C00607D6A /* TodayTodoViewController.swift in Sources */,
				BF97245224CC6B1B0033BB50 /* EditProfileViewModel.swift in Sources */,
				BFD435E224CD333D00B2E580 /* CollectionReference+WriteEncodable.swift in Sources */,
				BFD4362C24CDACA700B2E580 /* RegisterUserViewModel.swift in Sources */,
				BF88D51B24CACEEC00607D6A /* TodayTodoCollectionViewCell.swift in Sources */,
				BF88D4DC24CAAB5100607D6A /* ExUIView.swift in Sources */,
				BFD435F424CD36F900B2E580 /* ExUIImageView.swift in Sources */,
				BFD4362324CD659600B2E580 /* Group.swift in Sources */,
				BFD4360124CD44A900B2E580 /* CreateNewGroupViewPresenter.swift in Sources */,
				BF88D4F124CAB89000607D6A /* GroupTodoViewPresenter.swift in Sources */,
				BFD435F124CD346D00B2E580 /* FirestoreDecoder.swift in Sources */,
				BFD435F224CD346D00B2E580 /* FirestoreEncoder.swift in Sources */,
				BFD4362A24CDACA200B2E580 /* RegisterUserViewPresenter.swift in Sources */,
				BFD435E824CD333D00B2E580 /* WriteBatch+WriteEncodable.swift in Sources */,
				BFD435FF24CD44A400B2E580 /* CreateNewGroupViewController.swift in Sources */,
				BF88D49424CAA83300607D6A /* SceneDelegate.swift in Sources */,
				BF97244C24CC6B070033BB50 /* EditProfileViewBuilder.swift in Sources */,
				BF88D4D424CAAAA000607D6A /* SampleViewPresenter.swift in Sources */,
				BF88D4DE24CAAB6600607D6A /* ExString.swift in Sources */,
				BFD4361F24CD57F500B2E580 /* SelectedUsersAndMeCollectionViewCell.swift in Sources */,
				BFD4361224CD4BBC00B2E580 /* User.swift in Sources */,
			);
			runOnlyForDeploymentPostprocessing = 0;
		};
		BF88D4A024CAA83600607D6A /* Sources */ = {
			isa = PBXSourcesBuildPhase;
			buildActionMask = 2147483647;
			files = (
				BF88D4A924CAA83600607D6A /* ShareTodoTests.swift in Sources */,
			);
			runOnlyForDeploymentPostprocessing = 0;
		};
		BF88D4AB24CAA83600607D6A /* Sources */ = {
			isa = PBXSourcesBuildPhase;
			buildActionMask = 2147483647;
			files = (
				BF88D4B424CAA83600607D6A /* ShareTodoUITests.swift in Sources */,
			);
			runOnlyForDeploymentPostprocessing = 0;
		};
/* End PBXSourcesBuildPhase section */

/* Begin PBXTargetDependency section */
		BF88D4A624CAA83600607D6A /* PBXTargetDependency */ = {
			isa = PBXTargetDependency;
			target = BF88D48D24CAA83300607D6A /* ShareTodo */;
			targetProxy = BF88D4A524CAA83600607D6A /* PBXContainerItemProxy */;
		};
		BF88D4B124CAA83600607D6A /* PBXTargetDependency */ = {
			isa = PBXTargetDependency;
			target = BF88D48D24CAA83300607D6A /* ShareTodo */;
			targetProxy = BF88D4B024CAA83600607D6A /* PBXContainerItemProxy */;
		};
/* End PBXTargetDependency section */

/* Begin XCBuildConfiguration section */
		BF88D4B624CAA83600607D6A /* Debug */ = {
			isa = XCBuildConfiguration;
			buildSettings = {
				ALWAYS_SEARCH_USER_PATHS = NO;
				CLANG_ANALYZER_NONNULL = YES;
				CLANG_ANALYZER_NUMBER_OBJECT_CONVERSION = YES_AGGRESSIVE;
				CLANG_CXX_LANGUAGE_STANDARD = "gnu++14";
				CLANG_CXX_LIBRARY = "libc++";
				CLANG_ENABLE_MODULES = YES;
				CLANG_ENABLE_OBJC_ARC = YES;
				CLANG_ENABLE_OBJC_WEAK = YES;
				CLANG_WARN_BLOCK_CAPTURE_AUTORELEASING = YES;
				CLANG_WARN_BOOL_CONVERSION = YES;
				CLANG_WARN_COMMA = YES;
				CLANG_WARN_CONSTANT_CONVERSION = YES;
				CLANG_WARN_DEPRECATED_OBJC_IMPLEMENTATIONS = YES;
				CLANG_WARN_DIRECT_OBJC_ISA_USAGE = YES_ERROR;
				CLANG_WARN_DOCUMENTATION_COMMENTS = YES;
				CLANG_WARN_EMPTY_BODY = YES;
				CLANG_WARN_ENUM_CONVERSION = YES;
				CLANG_WARN_INFINITE_RECURSION = YES;
				CLANG_WARN_INT_CONVERSION = YES;
				CLANG_WARN_NON_LITERAL_NULL_CONVERSION = YES;
				CLANG_WARN_OBJC_IMPLICIT_RETAIN_SELF = YES;
				CLANG_WARN_OBJC_LITERAL_CONVERSION = YES;
				CLANG_WARN_OBJC_ROOT_CLASS = YES_ERROR;
				CLANG_WARN_RANGE_LOOP_ANALYSIS = YES;
				CLANG_WARN_STRICT_PROTOTYPES = YES;
				CLANG_WARN_SUSPICIOUS_MOVE = YES;
				CLANG_WARN_UNGUARDED_AVAILABILITY = YES_AGGRESSIVE;
				CLANG_WARN_UNREACHABLE_CODE = YES;
				CLANG_WARN__DUPLICATE_METHOD_MATCH = YES;
				COPY_PHASE_STRIP = NO;
				DEBUG_INFORMATION_FORMAT = dwarf;
				ENABLE_STRICT_OBJC_MSGSEND = YES;
				ENABLE_TESTABILITY = YES;
				GCC_C_LANGUAGE_STANDARD = gnu11;
				GCC_DYNAMIC_NO_PIC = NO;
				GCC_NO_COMMON_BLOCKS = YES;
				GCC_OPTIMIZATION_LEVEL = 0;
				GCC_PREPROCESSOR_DEFINITIONS = (
					"DEBUG=1",
					"$(inherited)",
				);
				GCC_WARN_64_TO_32_BIT_CONVERSION = YES;
				GCC_WARN_ABOUT_RETURN_TYPE = YES_ERROR;
				GCC_WARN_UNDECLARED_SELECTOR = YES;
				GCC_WARN_UNINITIALIZED_AUTOS = YES_AGGRESSIVE;
				GCC_WARN_UNUSED_FUNCTION = YES;
				GCC_WARN_UNUSED_VARIABLE = YES;
				IPHONEOS_DEPLOYMENT_TARGET = 13.5;
				MTL_ENABLE_DEBUG_INFO = INCLUDE_SOURCE;
				MTL_FAST_MATH = YES;
				ONLY_ACTIVE_ARCH = YES;
				SDKROOT = iphoneos;
				SWIFT_ACTIVE_COMPILATION_CONDITIONS = DEBUG;
				SWIFT_OPTIMIZATION_LEVEL = "-Onone";
			};
			name = Debug;
		};
		BF88D4B724CAA83600607D6A /* Release */ = {
			isa = XCBuildConfiguration;
			buildSettings = {
				ALWAYS_SEARCH_USER_PATHS = NO;
				CLANG_ANALYZER_NONNULL = YES;
				CLANG_ANALYZER_NUMBER_OBJECT_CONVERSION = YES_AGGRESSIVE;
				CLANG_CXX_LANGUAGE_STANDARD = "gnu++14";
				CLANG_CXX_LIBRARY = "libc++";
				CLANG_ENABLE_MODULES = YES;
				CLANG_ENABLE_OBJC_ARC = YES;
				CLANG_ENABLE_OBJC_WEAK = YES;
				CLANG_WARN_BLOCK_CAPTURE_AUTORELEASING = YES;
				CLANG_WARN_BOOL_CONVERSION = YES;
				CLANG_WARN_COMMA = YES;
				CLANG_WARN_CONSTANT_CONVERSION = YES;
				CLANG_WARN_DEPRECATED_OBJC_IMPLEMENTATIONS = YES;
				CLANG_WARN_DIRECT_OBJC_ISA_USAGE = YES_ERROR;
				CLANG_WARN_DOCUMENTATION_COMMENTS = YES;
				CLANG_WARN_EMPTY_BODY = YES;
				CLANG_WARN_ENUM_CONVERSION = YES;
				CLANG_WARN_INFINITE_RECURSION = YES;
				CLANG_WARN_INT_CONVERSION = YES;
				CLANG_WARN_NON_LITERAL_NULL_CONVERSION = YES;
				CLANG_WARN_OBJC_IMPLICIT_RETAIN_SELF = YES;
				CLANG_WARN_OBJC_LITERAL_CONVERSION = YES;
				CLANG_WARN_OBJC_ROOT_CLASS = YES_ERROR;
				CLANG_WARN_RANGE_LOOP_ANALYSIS = YES;
				CLANG_WARN_STRICT_PROTOTYPES = YES;
				CLANG_WARN_SUSPICIOUS_MOVE = YES;
				CLANG_WARN_UNGUARDED_AVAILABILITY = YES_AGGRESSIVE;
				CLANG_WARN_UNREACHABLE_CODE = YES;
				CLANG_WARN__DUPLICATE_METHOD_MATCH = YES;
				COPY_PHASE_STRIP = NO;
				DEBUG_INFORMATION_FORMAT = "dwarf-with-dsym";
				ENABLE_NS_ASSERTIONS = NO;
				ENABLE_STRICT_OBJC_MSGSEND = YES;
				GCC_C_LANGUAGE_STANDARD = gnu11;
				GCC_NO_COMMON_BLOCKS = YES;
				GCC_WARN_64_TO_32_BIT_CONVERSION = YES;
				GCC_WARN_ABOUT_RETURN_TYPE = YES_ERROR;
				GCC_WARN_UNDECLARED_SELECTOR = YES;
				GCC_WARN_UNINITIALIZED_AUTOS = YES_AGGRESSIVE;
				GCC_WARN_UNUSED_FUNCTION = YES;
				GCC_WARN_UNUSED_VARIABLE = YES;
				IPHONEOS_DEPLOYMENT_TARGET = 13.5;
				MTL_ENABLE_DEBUG_INFO = NO;
				MTL_FAST_MATH = YES;
				SDKROOT = iphoneos;
				SWIFT_COMPILATION_MODE = wholemodule;
				SWIFT_OPTIMIZATION_LEVEL = "-O";
				VALIDATE_PRODUCT = YES;
			};
			name = Release;
		};
		BF88D4B924CAA83600607D6A /* Debug */ = {
			isa = XCBuildConfiguration;
			buildSettings = {
				ASSETCATALOG_COMPILER_APPICON_NAME = AppIcon;
				CODE_SIGN_STYLE = Automatic;
				DEVELOPMENT_TEAM = 9R4W53MKG7;
				FRAMEWORK_SEARCH_PATHS = (
					"$(inherited)",
					"$(PROJECT_DIR)/Carthage/Build/iOS",
				);
				INFOPLIST_FILE = ShareTodo/Resources/Info/Info.plist;
				IPHONEOS_DEPLOYMENT_TARGET = 13.0;
				LD_RUNPATH_SEARCH_PATHS = (
					"$(inherited)",
					"@executable_path/Frameworks",
				);
				OTHER_LDFLAGS = "-ObjC";
				PRODUCT_BUNDLE_IDENTIFIER = com.Taped.ShareTodo;
				PRODUCT_NAME = "$(TARGET_NAME)";
				SWIFT_VERSION = 5.0;
				TARGETED_DEVICE_FAMILY = "1,2";
			};
			name = Debug;
		};
		BF88D4BA24CAA83600607D6A /* Release */ = {
			isa = XCBuildConfiguration;
			buildSettings = {
				ASSETCATALOG_COMPILER_APPICON_NAME = AppIcon;
				CODE_SIGN_STYLE = Automatic;
				DEVELOPMENT_TEAM = 9R4W53MKG7;
				FRAMEWORK_SEARCH_PATHS = (
					"$(inherited)",
					"$(PROJECT_DIR)/Carthage/Build/iOS",
				);
				INFOPLIST_FILE = ShareTodo/Resources/Info/Info.plist;
				IPHONEOS_DEPLOYMENT_TARGET = 13.0;
				LD_RUNPATH_SEARCH_PATHS = (
					"$(inherited)",
					"@executable_path/Frameworks",
				);
				OTHER_LDFLAGS = "-ObjC";
				PRODUCT_BUNDLE_IDENTIFIER = com.Taped.ShareTodo;
				PRODUCT_NAME = "$(TARGET_NAME)";
				SWIFT_VERSION = 5.0;
				TARGETED_DEVICE_FAMILY = "1,2";
			};
			name = Release;
		};
		BF88D4BC24CAA83600607D6A /* Debug */ = {
			isa = XCBuildConfiguration;
			buildSettings = {
				ALWAYS_EMBED_SWIFT_STANDARD_LIBRARIES = YES;
				BUNDLE_LOADER = "$(TEST_HOST)";
				CODE_SIGN_STYLE = Automatic;
				DEVELOPMENT_TEAM = 9R4W53MKG7;
				INFOPLIST_FILE = ShareTodoTests/Info.plist;
				IPHONEOS_DEPLOYMENT_TARGET = 13.5;
				LD_RUNPATH_SEARCH_PATHS = (
					"$(inherited)",
					"@executable_path/Frameworks",
					"@loader_path/Frameworks",
				);
				PRODUCT_BUNDLE_IDENTIFIER = com.Taped.ShareTodoTests;
				PRODUCT_NAME = "$(TARGET_NAME)";
				SWIFT_VERSION = 5.0;
				TARGETED_DEVICE_FAMILY = "1,2";
				TEST_HOST = "$(BUILT_PRODUCTS_DIR)/ShareTodo.app/ShareTodo";
			};
			name = Debug;
		};
		BF88D4BD24CAA83600607D6A /* Release */ = {
			isa = XCBuildConfiguration;
			buildSettings = {
				ALWAYS_EMBED_SWIFT_STANDARD_LIBRARIES = YES;
				BUNDLE_LOADER = "$(TEST_HOST)";
				CODE_SIGN_STYLE = Automatic;
				DEVELOPMENT_TEAM = 9R4W53MKG7;
				INFOPLIST_FILE = ShareTodoTests/Info.plist;
				IPHONEOS_DEPLOYMENT_TARGET = 13.5;
				LD_RUNPATH_SEARCH_PATHS = (
					"$(inherited)",
					"@executable_path/Frameworks",
					"@loader_path/Frameworks",
				);
				PRODUCT_BUNDLE_IDENTIFIER = com.Taped.ShareTodoTests;
				PRODUCT_NAME = "$(TARGET_NAME)";
				SWIFT_VERSION = 5.0;
				TARGETED_DEVICE_FAMILY = "1,2";
				TEST_HOST = "$(BUILT_PRODUCTS_DIR)/ShareTodo.app/ShareTodo";
			};
			name = Release;
		};
		BF88D4BF24CAA83600607D6A /* Debug */ = {
			isa = XCBuildConfiguration;
			buildSettings = {
				ALWAYS_EMBED_SWIFT_STANDARD_LIBRARIES = YES;
				CODE_SIGN_STYLE = Automatic;
				DEVELOPMENT_TEAM = 9R4W53MKG7;
				INFOPLIST_FILE = ShareTodoUITests/Info.plist;
				LD_RUNPATH_SEARCH_PATHS = (
					"$(inherited)",
					"@executable_path/Frameworks",
					"@loader_path/Frameworks",
				);
				PRODUCT_BUNDLE_IDENTIFIER = com.Taped.ShareTodoUITests;
				PRODUCT_NAME = "$(TARGET_NAME)";
				SWIFT_VERSION = 5.0;
				TARGETED_DEVICE_FAMILY = "1,2";
				TEST_TARGET_NAME = ShareTodo;
			};
			name = Debug;
		};
		BF88D4C024CAA83600607D6A /* Release */ = {
			isa = XCBuildConfiguration;
			buildSettings = {
				ALWAYS_EMBED_SWIFT_STANDARD_LIBRARIES = YES;
				CODE_SIGN_STYLE = Automatic;
				DEVELOPMENT_TEAM = 9R4W53MKG7;
				INFOPLIST_FILE = ShareTodoUITests/Info.plist;
				LD_RUNPATH_SEARCH_PATHS = (
					"$(inherited)",
					"@executable_path/Frameworks",
					"@loader_path/Frameworks",
				);
				PRODUCT_BUNDLE_IDENTIFIER = com.Taped.ShareTodoUITests;
				PRODUCT_NAME = "$(TARGET_NAME)";
				SWIFT_VERSION = 5.0;
				TARGETED_DEVICE_FAMILY = "1,2";
				TEST_TARGET_NAME = ShareTodo;
			};
			name = Release;
		};
/* End XCBuildConfiguration section */

/* Begin XCConfigurationList section */
		BF88D48924CAA83300607D6A /* Build configuration list for PBXProject "ShareTodo" */ = {
			isa = XCConfigurationList;
			buildConfigurations = (
				BF88D4B624CAA83600607D6A /* Debug */,
				BF88D4B724CAA83600607D6A /* Release */,
			);
			defaultConfigurationIsVisible = 0;
			defaultConfigurationName = Release;
		};
		BF88D4B824CAA83600607D6A /* Build configuration list for PBXNativeTarget "ShareTodo" */ = {
			isa = XCConfigurationList;
			buildConfigurations = (
				BF88D4B924CAA83600607D6A /* Debug */,
				BF88D4BA24CAA83600607D6A /* Release */,
			);
			defaultConfigurationIsVisible = 0;
			defaultConfigurationName = Release;
		};
		BF88D4BB24CAA83600607D6A /* Build configuration list for PBXNativeTarget "ShareTodoTests" */ = {
			isa = XCConfigurationList;
			buildConfigurations = (
				BF88D4BC24CAA83600607D6A /* Debug */,
				BF88D4BD24CAA83600607D6A /* Release */,
			);
			defaultConfigurationIsVisible = 0;
			defaultConfigurationName = Release;
		};
		BF88D4BE24CAA83600607D6A /* Build configuration list for PBXNativeTarget "ShareTodoUITests" */ = {
			isa = XCConfigurationList;
			buildConfigurations = (
				BF88D4BF24CAA83600607D6A /* Debug */,
				BF88D4C024CAA83600607D6A /* Release */,
			);
			defaultConfigurationIsVisible = 0;
			defaultConfigurationName = Release;
		};
/* End XCConfigurationList section */
	};
	rootObject = BF88D48624CAA83300607D6A /* Project object */;
}
